{
  "version": 4,
  "terraform_version": "0.13.3",
  "serial": 48,
  "lineage": "738daf44-3a83-65b3-1a79-704183337256",
  "outputs": {
    "aws_lb_dns": {
      "value": "default-alb-263611233.eu-west-2.elb.amazonaws.com",
      "type": "string"
    },
    "aws_lb_target_group_blue_arn": {
      "value": "arn:aws:elasticloadbalancing:eu-west-2:321510646715:targetgroup/blue-default-one-lb/4dd66ea9dc09e787",
      "type": "string"
    },
    "aws_lb_target_group_green_arn": {
      "value": "arn:aws:elasticloadbalancing:eu-west-2:321510646715:targetgroup/green-default-one-lb/42705ee4aee1e554",
      "type": "string"
    },
    "aws_subnet_id": {
      "value": [
        "subnet-029ebe4fd649db31e",
        "subnet-0b5739f3e8faf6d51"
      ],
      "type": [
        "tuple",
        [
          "string",
          "string"
        ]
      ]
    },
    "ec2_blue_instance_id": {
      "value": [
        "i-0b197d94166732d5a",
        "i-0f57398a644c3ad29"
      ],
      "type": [
        "tuple",
        [
          "string",
          "string"
        ]
      ]
    },
    "ec2_blue_instance_public_ip": {
      "value": [
        "35.177.104.93",
        "35.176.12.32"
      ],
      "type": [
        "tuple",
        [
          "string",
          "string"
        ]
      ]
    },
    "ec2_green_instance_id": {
      "value": [
        "i-042aff11f629cb0ee",
        "i-0bb550a39d496fedc"
      ],
      "type": [
        "tuple",
        [
          "string",
          "string"
        ]
      ]
    },
    "ec2_green_instance_public_ip": {
      "value": [
        "3.8.144.94",
        "3.8.202.11"
      ],
      "type": [
        "tuple",
        [
          "string",
          "string"
        ]
      ]
    }
  },
  "resources": [
    {
      "mode": "managed",
      "type": "aws_default_vpc",
      "name": "default",
      "provider": "provider[\"registry.terraform.io/hashicorp/aws\"]",
      "instances": [
        {
          "schema_version": 1,
          "attributes": {
            "arn": "arn:aws:ec2:eu-west-2:321510646715:vpc/vpc-0c01356817b23e43e",
            "assign_generated_ipv6_cidr_block": false,
            "cidr_block": "172.31.0.0/16",
            "default_network_acl_id": "acl-00366d96de9943c51",
            "default_route_table_id": "rtb-09000fc32697a39bd",
            "default_security_group_id": "sg-0ae0dd6a427431914",
            "dhcp_options_id": "dopt-08da39948b01206d3",
            "enable_classiclink": null,
            "enable_classiclink_dns_support": null,
            "enable_dns_hostnames": true,
            "enable_dns_support": true,
            "id": "vpc-0c01356817b23e43e",
            "instance_tenancy": "default",
            "ipv6_association_id": "",
            "ipv6_cidr_block": "",
            "main_route_table_id": "rtb-09000fc32697a39bd",
            "owner_id": "321510646715",
            "tags": {}
          },
          "private": "eyJzY2hlbWFfdmVyc2lvbiI6IjEifQ=="
        }
      ]
    },
    {
      "module": "module.aws_alb",
      "mode": "managed",
      "type": "aws_lb",
      "name": "alb",
      "provider": "provider[\"registry.terraform.io/hashicorp/aws\"]",
      "instances": [
        {
          "schema_version": 0,
          "attributes": {
            "access_logs": [
              {
                "bucket": "",
                "enabled": false,
                "prefix": ""
              }
            ],
            "arn": "arn:aws:elasticloadbalancing:eu-west-2:321510646715:loadbalancer/app/default-alb/6ed77cdbf99bc190",
            "arn_suffix": "app/default-alb/6ed77cdbf99bc190",
            "customer_owned_ipv4_pool": "",
            "dns_name": "default-alb-263611233.eu-west-2.elb.amazonaws.com",
            "drop_invalid_header_fields": false,
            "enable_cross_zone_load_balancing": null,
            "enable_deletion_protection": true,
            "enable_http2": true,
            "id": "arn:aws:elasticloadbalancing:eu-west-2:321510646715:loadbalancer/app/default-alb/6ed77cdbf99bc190",
            "idle_timeout": 60,
            "internal": false,
            "ip_address_type": "ipv4",
            "load_balancer_type": "application",
            "name": "default-alb",
            "name_prefix": null,
            "security_groups": [
              "sg-0dd733a381e79b4dd"
            ],
            "subnet_mapping": [
              {
                "allocation_id": "",
                "outpost_id": "",
                "private_ipv4_address": "",
                "subnet_id": "subnet-029ebe4fd649db31e"
              },
              {
                "allocation_id": "",
                "outpost_id": "",
                "private_ipv4_address": "",
                "subnet_id": "subnet-0b5739f3e8faf6d51"
              }
            ],
            "subnets": [
              "subnet-029ebe4fd649db31e",
              "subnet-0b5739f3e8faf6d51"
            ],
            "tags": {
              "Environment": "default"
            },
            "timeouts": null,
            "vpc_id": "vpc-0c01356817b23e43e",
            "zone_id": "ZHURV8PSTC4K8"
          },
          "private": "eyJlMmJmYjczMC1lY2FhLTExZTYtOGY4OC0zNDM2M2JjN2M0YzAiOnsiY3JlYXRlIjo2MDAwMDAwMDAwMDAsImRlbGV0ZSI6NjAwMDAwMDAwMDAwLCJ1cGRhdGUiOjYwMDAwMDAwMDAwMH19",
          "dependencies": [
            "module.aws_security_groups.aws_security_group.alb",
            "module.aws_subnet.aws_subnet.public_green_blue"
          ]
        }
      ]
    },
    {
      "module": "module.aws_alb",
      "mode": "managed",
      "type": "aws_lb_listener",
      "name": "front_end",
      "provider": "provider[\"registry.terraform.io/hashicorp/aws\"]",
      "instances": [
        {
          "schema_version": 0,
          "attributes": {
            "arn": "arn:aws:elasticloadbalancing:eu-west-2:321510646715:listener/app/default-alb/6ed77cdbf99bc190/1f4e0ee917af79b7",
            "certificate_arn": null,
            "default_action": [
              {
                "authenticate_cognito": [],
                "authenticate_oidc": [],
                "fixed_response": [],
                "forward": [],
                "order": 1,
                "redirect": [],
                "target_group_arn": "arn:aws:elasticloadbalancing:eu-west-2:321510646715:targetgroup/green-default-one-lb/42705ee4aee1e554",
                "type": "forward"
              }
            ],
            "id": "arn:aws:elasticloadbalancing:eu-west-2:321510646715:listener/app/default-alb/6ed77cdbf99bc190/1f4e0ee917af79b7",
            "load_balancer_arn": "arn:aws:elasticloadbalancing:eu-west-2:321510646715:loadbalancer/app/default-alb/6ed77cdbf99bc190",
            "port": 80,
            "protocol": "HTTP",
            "ssl_policy": "",
            "timeouts": null
          },
          "private": "eyJlMmJmYjczMC1lY2FhLTExZTYtOGY4OC0zNDM2M2JjN2M0YzAiOnsicmVhZCI6NjAwMDAwMDAwMDAwfX0=",
          "dependencies": [
            "module.aws_alb.aws_lb.alb",
            "module.aws_ec2.aws_lb_target_group.green"
          ]
        }
      ]
    },
    {
      "module": "module.aws_ec2",
      "mode": "managed",
      "type": "aws_instance",
      "name": "blue",
      "provider": "provider[\"registry.terraform.io/hashicorp/aws\"]",
      "instances": [
        {
          "index_key": 0,
          "schema_version": 1,
          "attributes": {
            "ami": "ami-0ff4c8fb495a5a50d",
            "arn": "arn:aws:ec2:eu-west-2:321510646715:instance/i-0b197d94166732d5a",
            "associate_public_ip_address": true,
            "availability_zone": "eu-west-2a",
            "cpu_core_count": 1,
            "cpu_threads_per_core": 1,
            "credit_specification": [
              {
                "cpu_credits": "standard"
              }
            ],
            "disable_api_termination": false,
            "ebs_block_device": [],
            "ebs_optimized": false,
            "ephemeral_block_device": [],
            "get_password_data": false,
            "hibernation": false,
            "host_id": null,
            "iam_instance_profile": "",
            "id": "i-0b197d94166732d5a",
            "instance_initiated_shutdown_behavior": null,
            "instance_state": "running",
            "instance_type": "t2.micro",
            "ipv6_address_count": 0,
            "ipv6_addresses": [],
            "key_name": "communication-key",
            "metadata_options": [
              {
                "http_endpoint": "enabled",
                "http_put_response_hop_limit": 1,
                "http_tokens": "optional"
              }
            ],
            "monitoring": false,
            "network_interface": [],
            "outpost_arn": "",
            "password_data": "",
            "placement_group": "",
            "primary_network_interface_id": "eni-0c4612cb6bd4dfaf9",
            "private_dns": "ip-172-31-60-244.eu-west-2.compute.internal",
            "private_ip": "172.31.60.244",
            "public_dns": "ec2-35-177-104-93.eu-west-2.compute.amazonaws.com",
            "public_ip": "35.177.104.93",
            "root_block_device": [
              {
                "delete_on_termination": true,
                "device_name": "/dev/sda1",
                "encrypted": false,
                "iops": 100,
                "kms_key_id": "",
                "volume_id": "vol-0a2a31d6f320846f8",
                "volume_size": 8,
                "volume_type": "gp2"
              }
            ],
            "secondary_private_ips": [],
            "security_groups": [
              "allow_http",
              "allow_ssh"
            ],
            "source_dest_check": true,
            "subnet_id": "subnet-029ebe4fd649db31e",
            "tags": {
              "Name": "default-one-blue-1"
            },
            "tenancy": "default",
            "timeouts": null,
            "user_data": "89a2c2eeed96a1987027a14b3dabeb3ab9a6a6c5",
            "user_data_base64": null,
            "volume_tags": {},
            "vpc_security_group_ids": [
              "sg-07a441dc6c72e8a71",
              "sg-0a4f898ad8a727cd1"
            ]
          },
          "private": "eyJlMmJmYjczMC1lY2FhLTExZTYtOGY4OC0zNDM2M2JjN2M0YzAiOnsiY3JlYXRlIjo2MDAwMDAwMDAwMDAsImRlbGV0ZSI6MTIwMDAwMDAwMDAwMCwidXBkYXRlIjo2MDAwMDAwMDAwMDB9LCJzY2hlbWFfdmVyc2lvbiI6IjEifQ==",
          "dependencies": [
            "aws_default_vpc.default",
            "module.aws_ec2.aws_key_pair.communication_key",
            "module.aws_security_groups.aws_security_group.alb",
            "module.aws_security_groups.aws_security_group.allow_http_to_instance",
            "module.aws_security_groups.aws_security_group.allow_ssh",
            "module.aws_subnet.aws_subnet.public_green_blue"
          ]
        },
        {
          "index_key": 1,
          "schema_version": 1,
          "attributes": {
            "ami": "ami-0ff4c8fb495a5a50d",
            "arn": "arn:aws:ec2:eu-west-2:321510646715:instance/i-0f57398a644c3ad29",
            "associate_public_ip_address": true,
            "availability_zone": "eu-west-2b",
            "cpu_core_count": 1,
            "cpu_threads_per_core": 1,
            "credit_specification": [
              {
                "cpu_credits": "standard"
              }
            ],
            "disable_api_termination": false,
            "ebs_block_device": [],
            "ebs_optimized": false,
            "ephemeral_block_device": [],
            "get_password_data": false,
            "hibernation": false,
            "host_id": null,
            "iam_instance_profile": "",
            "id": "i-0f57398a644c3ad29",
            "instance_initiated_shutdown_behavior": null,
            "instance_state": "running",
            "instance_type": "t2.micro",
            "ipv6_address_count": 0,
            "ipv6_addresses": [],
            "key_name": "communication-key",
            "metadata_options": [
              {
                "http_endpoint": "enabled",
                "http_put_response_hop_limit": 1,
                "http_tokens": "optional"
              }
            ],
            "monitoring": false,
            "network_interface": [],
            "outpost_arn": "",
            "password_data": "",
            "placement_group": "",
            "primary_network_interface_id": "eni-0032da945e8415552",
            "private_dns": "ip-172-31-61-138.eu-west-2.compute.internal",
            "private_ip": "172.31.61.138",
            "public_dns": "ec2-35-176-12-32.eu-west-2.compute.amazonaws.com",
            "public_ip": "35.176.12.32",
            "root_block_device": [
              {
                "delete_on_termination": true,
                "device_name": "/dev/sda1",
                "encrypted": false,
                "iops": 100,
                "kms_key_id": "",
                "volume_id": "vol-0f0d3d7b8c7e5540b",
                "volume_size": 8,
                "volume_type": "gp2"
              }
            ],
            "secondary_private_ips": [],
            "security_groups": [
              "allow_http",
              "allow_ssh"
            ],
            "source_dest_check": true,
            "subnet_id": "subnet-0b5739f3e8faf6d51",
            "tags": {
              "Name": "default-one-blue-2"
            },
            "tenancy": "default",
            "timeouts": null,
            "user_data": "89a2c2eeed96a1987027a14b3dabeb3ab9a6a6c5",
            "user_data_base64": null,
            "volume_tags": {},
            "vpc_security_group_ids": [
              "sg-07a441dc6c72e8a71",
              "sg-0a4f898ad8a727cd1"
            ]
          },
          "private": "eyJlMmJmYjczMC1lY2FhLTExZTYtOGY4OC0zNDM2M2JjN2M0YzAiOnsiY3JlYXRlIjo2MDAwMDAwMDAwMDAsImRlbGV0ZSI6MTIwMDAwMDAwMDAwMCwidXBkYXRlIjo2MDAwMDAwMDAwMDB9LCJzY2hlbWFfdmVyc2lvbiI6IjEifQ==",
          "dependencies": [
            "aws_default_vpc.default",
            "module.aws_ec2.aws_key_pair.communication_key",
            "module.aws_security_groups.aws_security_group.alb",
            "module.aws_security_groups.aws_security_group.allow_http_to_instance",
            "module.aws_security_groups.aws_security_group.allow_ssh",
            "module.aws_subnet.aws_subnet.public_green_blue"
          ]
        }
      ]
    },
    {
      "module": "module.aws_ec2",
      "mode": "managed",
      "type": "aws_instance",
      "name": "green",
      "provider": "provider[\"registry.terraform.io/hashicorp/aws\"]",
      "instances": [
        {
          "index_key": 0,
          "schema_version": 1,
          "attributes": {
            "ami": "ami-0ff4c8fb495a5a50d",
            "arn": "arn:aws:ec2:eu-west-2:321510646715:instance/i-042aff11f629cb0ee",
            "associate_public_ip_address": true,
            "availability_zone": "eu-west-2a",
            "cpu_core_count": 1,
            "cpu_threads_per_core": 1,
            "credit_specification": [
              {
                "cpu_credits": "standard"
              }
            ],
            "disable_api_termination": false,
            "ebs_block_device": [],
            "ebs_optimized": false,
            "ephemeral_block_device": [],
            "get_password_data": false,
            "hibernation": false,
            "host_id": null,
            "iam_instance_profile": "",
            "id": "i-042aff11f629cb0ee",
            "instance_initiated_shutdown_behavior": null,
            "instance_state": "running",
            "instance_type": "t2.micro",
            "ipv6_address_count": 0,
            "ipv6_addresses": [],
            "key_name": "communication-key",
            "metadata_options": [
              {
                "http_endpoint": "enabled",
                "http_put_response_hop_limit": 1,
                "http_tokens": "optional"
              }
            ],
            "monitoring": false,
            "network_interface": [],
            "outpost_arn": "",
            "password_data": "",
            "placement_group": "",
            "primary_network_interface_id": "eni-01817d1be4ec34e6f",
            "private_dns": "ip-172-31-60-22.eu-west-2.compute.internal",
            "private_ip": "172.31.60.22",
            "public_dns": "ec2-3-8-144-94.eu-west-2.compute.amazonaws.com",
            "public_ip": "3.8.144.94",
            "root_block_device": [
              {
                "delete_on_termination": true,
                "device_name": "/dev/sda1",
                "encrypted": false,
                "iops": 100,
                "kms_key_id": "",
                "volume_id": "vol-06377681c4b8eb990",
                "volume_size": 8,
                "volume_type": "gp2"
              }
            ],
            "secondary_private_ips": [],
            "security_groups": [
              "allow_http",
              "allow_ssh"
            ],
            "source_dest_check": true,
            "subnet_id": "subnet-029ebe4fd649db31e",
            "tags": {
              "Name": "default-one-green-1"
            },
            "tenancy": "default",
            "timeouts": null,
            "user_data": "89a2c2eeed96a1987027a14b3dabeb3ab9a6a6c5",
            "user_data_base64": null,
            "volume_tags": {},
            "vpc_security_group_ids": [
              "sg-07a441dc6c72e8a71",
              "sg-0a4f898ad8a727cd1"
            ]
          },
          "private": "eyJlMmJmYjczMC1lY2FhLTExZTYtOGY4OC0zNDM2M2JjN2M0YzAiOnsiY3JlYXRlIjo2MDAwMDAwMDAwMDAsImRlbGV0ZSI6MTIwMDAwMDAwMDAwMCwidXBkYXRlIjo2MDAwMDAwMDAwMDB9LCJzY2hlbWFfdmVyc2lvbiI6IjEifQ==",
          "dependencies": [
            "aws_default_vpc.default",
            "module.aws_ec2.aws_key_pair.communication_key",
            "module.aws_security_groups.aws_security_group.alb",
            "module.aws_security_groups.aws_security_group.allow_http_to_instance",
            "module.aws_security_groups.aws_security_group.allow_ssh",
            "module.aws_subnet.aws_subnet.public_green_blue"
          ]
        },
        {
          "index_key": 1,
          "schema_version": 1,
          "attributes": {
            "ami": "ami-0ff4c8fb495a5a50d",
            "arn": "arn:aws:ec2:eu-west-2:321510646715:instance/i-0bb550a39d496fedc",
            "associate_public_ip_address": true,
            "availability_zone": "eu-west-2b",
            "cpu_core_count": 1,
            "cpu_threads_per_core": 1,
            "credit_specification": [
              {
                "cpu_credits": "standard"
              }
            ],
            "disable_api_termination": false,
            "ebs_block_device": [],
            "ebs_optimized": false,
            "ephemeral_block_device": [],
            "get_password_data": false,
            "hibernation": false,
            "host_id": null,
            "iam_instance_profile": "",
            "id": "i-0bb550a39d496fedc",
            "instance_initiated_shutdown_behavior": null,
            "instance_state": "running",
            "instance_type": "t2.micro",
            "ipv6_address_count": 0,
            "ipv6_addresses": [],
            "key_name": "communication-key",
            "metadata_options": [
              {
                "http_endpoint": "enabled",
                "http_put_response_hop_limit": 1,
                "http_tokens": "optional"
              }
            ],
            "monitoring": false,
            "network_interface": [],
            "outpost_arn": "",
            "password_data": "",
            "placement_group": "",
            "primary_network_interface_id": "eni-0963af00034844777",
            "private_dns": "ip-172-31-61-223.eu-west-2.compute.internal",
            "private_ip": "172.31.61.223",
            "public_dns": "ec2-3-8-202-11.eu-west-2.compute.amazonaws.com",
            "public_ip": "3.8.202.11",
            "root_block_device": [
              {
                "delete_on_termination": true,
                "device_name": "/dev/sda1",
                "encrypted": false,
                "iops": 100,
                "kms_key_id": "",
                "volume_id": "vol-04606f9d59bc0c0c3",
                "volume_size": 8,
                "volume_type": "gp2"
              }
            ],
            "secondary_private_ips": [],
            "security_groups": [
              "allow_http",
              "allow_ssh"
            ],
            "source_dest_check": true,
            "subnet_id": "subnet-0b5739f3e8faf6d51",
            "tags": {
              "Name": "default-one-green-2"
            },
            "tenancy": "default",
            "timeouts": null,
            "user_data": "89a2c2eeed96a1987027a14b3dabeb3ab9a6a6c5",
            "user_data_base64": null,
            "volume_tags": {},
            "vpc_security_group_ids": [
              "sg-07a441dc6c72e8a71",
              "sg-0a4f898ad8a727cd1"
            ]
          },
          "private": "eyJlMmJmYjczMC1lY2FhLTExZTYtOGY4OC0zNDM2M2JjN2M0YzAiOnsiY3JlYXRlIjo2MDAwMDAwMDAwMDAsImRlbGV0ZSI6MTIwMDAwMDAwMDAwMCwidXBkYXRlIjo2MDAwMDAwMDAwMDB9LCJzY2hlbWFfdmVyc2lvbiI6IjEifQ==",
          "dependencies": [
            "aws_default_vpc.default",
            "module.aws_ec2.aws_key_pair.communication_key",
            "module.aws_security_groups.aws_security_group.alb",
            "module.aws_security_groups.aws_security_group.allow_http_to_instance",
            "module.aws_security_groups.aws_security_group.allow_ssh",
            "module.aws_subnet.aws_subnet.public_green_blue"
          ]
        }
      ]
    },
    {
      "module": "module.aws_ec2",
      "mode": "managed",
      "type": "aws_key_pair",
      "name": "communication_key",
      "provider": "provider[\"registry.terraform.io/hashicorp/aws\"]",
      "instances": [
        {
          "schema_version": 1,
          "attributes": {
            "arn": "arn:aws:ec2:eu-west-2:321510646715:key-pair/communication-key",
            "fingerprint": "c9:db:9b:9e:36:0f:ba:38:2e:07:ec:6a:51:04:de:71",
            "id": "communication-key",
            "key_name": "communication-key",
            "key_name_prefix": null,
            "key_pair_id": "key-03eb6372e7a03bf22",
            "public_key": "ssh-rsa AAAAB3NzaC1yc2EAAAADAQABAAABAQCeAP7qQic1i8ggCE8t0hg6c5CQcffJ6XrCmogS/NMGACW1QmcisenZAANbvEtT4E+iSVzT/VTFW+F8gKBF5nYRUrDzLJ/hn9khyKpmHiILvLke8ety2iuD+/HclTmZipbyljg6WTP8tgltD9CIVqmqgz12G6dW4Z3ylTxT6Hqm297SrtG9X27FyNGnG2TjvARG+JNsHhhbrEj4KdcM7VhVKNLa+hghhm3vuqU3X7Voab7+ZS237JxywVdRa0W98jf6vmUbm1QNXO8CwX/YnstE8qD/LrzIb9S9Z2X/UF5BeOXB0ODcMSJua2xhcIgumxVX0g2tOIPDrh4wAebDTmcf",
            "tags": {}
          },
          "private": "eyJzY2hlbWFfdmVyc2lvbiI6IjEifQ=="
        }
      ]
    },
    {
      "module": "module.aws_ec2",
      "mode": "managed",
      "type": "aws_lb_target_group",
      "name": "blue",
      "provider": "provider[\"registry.terraform.io/hashicorp/aws\"]",
      "instances": [
        {
          "schema_version": 0,
          "attributes": {
            "arn": "arn:aws:elasticloadbalancing:eu-west-2:321510646715:targetgroup/blue-default-one-lb/4dd66ea9dc09e787",
            "arn_suffix": "targetgroup/blue-default-one-lb/4dd66ea9dc09e787",
            "deregistration_delay": 300,
            "health_check": [
              {
                "enabled": true,
                "healthy_threshold": 3,
                "interval": 10,
                "matcher": "200",
                "path": "/",
                "port": "80",
                "protocol": "HTTP",
                "timeout": 5,
                "unhealthy_threshold": 3
              }
            ],
            "id": "arn:aws:elasticloadbalancing:eu-west-2:321510646715:targetgroup/blue-default-one-lb/4dd66ea9dc09e787",
            "lambda_multi_value_headers_enabled": false,
            "load_balancing_algorithm_type": "round_robin",
            "name": "blue-default-one-lb",
            "name_prefix": null,
            "port": 80,
            "protocol": "HTTP",
            "proxy_protocol_v2": false,
            "slow_start": 0,
            "stickiness": [
              {
                "cookie_duration": 86400,
                "enabled": false,
                "type": "lb_cookie"
              }
            ],
            "tags": {},
            "target_type": "instance",
            "vpc_id": "vpc-0c01356817b23e43e"
          },
          "private": "bnVsbA==",
          "dependencies": [
            "aws_default_vpc.default"
          ]
        }
      ]
    },
    {
      "module": "module.aws_ec2",
      "mode": "managed",
      "type": "aws_lb_target_group",
      "name": "green",
      "provider": "provider[\"registry.terraform.io/hashicorp/aws\"]",
      "instances": [
        {
          "schema_version": 0,
          "attributes": {
            "arn": "arn:aws:elasticloadbalancing:eu-west-2:321510646715:targetgroup/green-default-one-lb/42705ee4aee1e554",
            "arn_suffix": "targetgroup/green-default-one-lb/42705ee4aee1e554",
            "deregistration_delay": 300,
            "health_check": [
              {
                "enabled": true,
                "healthy_threshold": 3,
                "interval": 10,
                "matcher": "200",
                "path": "/",
                "port": "80",
                "protocol": "HTTP",
                "timeout": 5,
                "unhealthy_threshold": 3
              }
            ],
            "id": "arn:aws:elasticloadbalancing:eu-west-2:321510646715:targetgroup/green-default-one-lb/42705ee4aee1e554",
            "lambda_multi_value_headers_enabled": false,
            "load_balancing_algorithm_type": "round_robin",
            "name": "green-default-one-lb",
            "name_prefix": null,
            "port": 80,
            "protocol": "HTTP",
            "proxy_protocol_v2": false,
            "slow_start": 0,
            "stickiness": [
              {
                "cookie_duration": 86400,
                "enabled": false,
                "type": "lb_cookie"
              }
            ],
            "tags": {},
            "target_type": "instance",
            "vpc_id": "vpc-0c01356817b23e43e"
          },
          "private": "bnVsbA==",
          "dependencies": [
            "aws_default_vpc.default"
          ]
        }
      ]
    },
    {
      "module": "module.aws_ec2",
      "mode": "managed",
      "type": "aws_lb_target_group_attachment",
      "name": "blue",
      "provider": "provider[\"registry.terraform.io/hashicorp/aws\"]",
      "instances": [
        {
          "index_key": 0,
          "schema_version": 0,
          "attributes": {
            "availability_zone": null,
            "id": "arn:aws:elasticloadbalancing:eu-west-2:321510646715:targetgroup/blue-default-one-lb/4dd66ea9dc09e787-20210121095704563900000001",
            "port": 80,
            "target_group_arn": "arn:aws:elasticloadbalancing:eu-west-2:321510646715:targetgroup/blue-default-one-lb/4dd66ea9dc09e787",
            "target_id": "i-0b197d94166732d5a"
          },
          "private": "bnVsbA==",
          "dependencies": [
            "aws_default_vpc.default",
            "module.aws_ec2.aws_instance.blue",
            "module.aws_ec2.aws_key_pair.communication_key",
            "module.aws_ec2.aws_lb_target_group.blue",
            "module.aws_security_groups.aws_security_group.alb",
            "module.aws_security_groups.aws_security_group.allow_http_to_instance",
            "module.aws_security_groups.aws_security_group.allow_ssh",
            "module.aws_subnet.aws_subnet.public_green_blue"
          ]
        },
        {
          "index_key": 1,
          "schema_version": 0,
          "attributes": {
            "availability_zone": null,
            "id": "arn:aws:elasticloadbalancing:eu-west-2:321510646715:targetgroup/blue-default-one-lb/4dd66ea9dc09e787-20210121095704580700000002",
            "port": 80,
            "target_group_arn": "arn:aws:elasticloadbalancing:eu-west-2:321510646715:targetgroup/blue-default-one-lb/4dd66ea9dc09e787",
            "target_id": "i-0f57398a644c3ad29"
          },
          "private": "bnVsbA==",
          "dependencies": [
            "aws_default_vpc.default",
            "module.aws_ec2.aws_instance.blue",
            "module.aws_ec2.aws_key_pair.communication_key",
            "module.aws_ec2.aws_lb_target_group.blue",
            "module.aws_security_groups.aws_security_group.alb",
            "module.aws_security_groups.aws_security_group.allow_http_to_instance",
            "module.aws_security_groups.aws_security_group.allow_ssh",
            "module.aws_subnet.aws_subnet.public_green_blue"
          ]
        }
      ]
    },
    {
      "module": "module.aws_ec2",
      "mode": "managed",
      "type": "aws_lb_target_group_attachment",
      "name": "green",
      "provider": "provider[\"registry.terraform.io/hashicorp/aws\"]",
      "instances": [
        {
          "index_key": 0,
          "schema_version": 0,
          "attributes": {
            "availability_zone": null,
            "id": "arn:aws:elasticloadbalancing:eu-west-2:321510646715:targetgroup/green-default-one-lb/42705ee4aee1e554-20210121095714628900000004",
            "port": 80,
            "target_group_arn": "arn:aws:elasticloadbalancing:eu-west-2:321510646715:targetgroup/green-default-one-lb/42705ee4aee1e554",
            "target_id": "i-042aff11f629cb0ee"
          },
          "private": "bnVsbA==",
          "dependencies": [
            "aws_default_vpc.default",
            "module.aws_ec2.aws_instance.green",
            "module.aws_ec2.aws_key_pair.communication_key",
            "module.aws_ec2.aws_lb_target_group.green",
            "module.aws_security_groups.aws_security_group.alb",
            "module.aws_security_groups.aws_security_group.allow_http_to_instance",
            "module.aws_security_groups.aws_security_group.allow_ssh",
            "module.aws_subnet.aws_subnet.public_green_blue"
          ]
        },
        {
          "index_key": 1,
          "schema_version": 0,
          "attributes": {
            "availability_zone": null,
            "id": "arn:aws:elasticloadbalancing:eu-west-2:321510646715:targetgroup/green-default-one-lb/42705ee4aee1e554-20210121095714601300000003",
            "port": 80,
            "target_group_arn": "arn:aws:elasticloadbalancing:eu-west-2:321510646715:targetgroup/green-default-one-lb/42705ee4aee1e554",
            "target_id": "i-0bb550a39d496fedc"
          },
          "private": "bnVsbA==",
          "dependencies": [
            "aws_default_vpc.default",
            "module.aws_ec2.aws_instance.green",
            "module.aws_ec2.aws_key_pair.communication_key",
            "module.aws_ec2.aws_lb_target_group.green",
            "module.aws_security_groups.aws_security_group.alb",
            "module.aws_security_groups.aws_security_group.allow_http_to_instance",
            "module.aws_security_groups.aws_security_group.allow_ssh",
            "module.aws_subnet.aws_subnet.public_green_blue"
          ]
        }
      ]
    },
    {
      "module": "module.aws_ec2",
      "mode": "managed",
      "type": "random_string",
      "name": "gen-name",
      "provider": "provider[\"registry.terraform.io/hashicorp/random\"]",
      "instances": [
        {
          "schema_version": 1,
          "attributes": {
            "id": "b04uqzn1n630",
            "keepers": null,
            "length": 12,
            "lower": true,
            "min_lower": 0,
            "min_numeric": 0,
            "min_special": 0,
            "min_upper": 0,
            "number": true,
            "override_special": null,
            "result": "b04uqzn1n630",
            "special": false,
            "upper": false
          },
          "private": "eyJzY2hlbWFfdmVyc2lvbiI6IjEifQ=="
        }
      ]
    },
    {
      "module": "module.aws_security_groups",
      "mode": "managed",
      "type": "aws_security_group",
      "name": "alb",
      "provider": "provider[\"registry.terraform.io/hashicorp/aws\"]",
      "instances": [
        {
          "schema_version": 1,
          "attributes": {
            "arn": "arn:aws:ec2:eu-west-2:321510646715:security-group/sg-0dd733a381e79b4dd",
            "description": "ALB security group",
            "egress": [
              {
                "cidr_blocks": [],
                "description": "",
                "from_port": 0,
                "ipv6_cidr_blocks": [],
                "prefix_list_ids": [],
                "protocol": "-1",
                "security_groups": [
                  "sg-0a4f898ad8a727cd1"
                ],
                "self": false,
                "to_port": 0
              }
            ],
            "id": "sg-0dd733a381e79b4dd",
            "ingress": [
              {
                "cidr_blocks": [
                  "0.0.0.0/0"
                ],
                "description": "HTTP access",
                "from_port": 80,
                "ipv6_cidr_blocks": [],
                "prefix_list_ids": [],
                "protocol": "tcp",
                "security_groups": [],
                "self": false,
                "to_port": 80
              }
            ],
            "name": "alb",
            "name_prefix": "",
            "owner_id": "321510646715",
            "revoke_rules_on_delete": false,
            "tags": {
              "Name": "default-alb-sc"
            },
            "timeouts": null,
            "vpc_id": "vpc-0c01356817b23e43e"
          },
          "private": "eyJlMmJmYjczMC1lY2FhLTExZTYtOGY4OC0zNDM2M2JjN2M0YzAiOnsiY3JlYXRlIjo2MDAwMDAwMDAwMDAsImRlbGV0ZSI6NjAwMDAwMDAwMDAwfSwic2NoZW1hX3ZlcnNpb24iOiIxIn0=",
          "dependencies": [
            "aws_default_vpc.default",
            "module.aws_security_groups.aws_security_group.allow_ssh"
          ]
        }
      ]
    },
    {
      "module": "module.aws_security_groups",
      "mode": "managed",
      "type": "aws_security_group",
      "name": "allow_http_to_instance",
      "provider": "provider[\"registry.terraform.io/hashicorp/aws\"]",
      "instances": [
        {
          "schema_version": 1,
          "attributes": {
            "arn": "arn:aws:ec2:eu-west-2:321510646715:security-group/sg-07a441dc6c72e8a71",
            "description": "Allow http from ALB traffic",
            "egress": [
              {
                "cidr_blocks": [
                  "0.0.0.0/0"
                ],
                "description": "",
                "from_port": 0,
                "ipv6_cidr_blocks": [],
                "prefix_list_ids": [],
                "protocol": "-1",
                "security_groups": [],
                "self": false,
                "to_port": 0
              }
            ],
            "id": "sg-07a441dc6c72e8a71",
            "ingress": [
              {
                "cidr_blocks": [],
                "description": "HTTP from ALB",
                "from_port": 80,
                "ipv6_cidr_blocks": [],
                "prefix_list_ids": [],
                "protocol": "tcp",
                "security_groups": [
                  "sg-0dd733a381e79b4dd"
                ],
                "self": false,
                "to_port": 80
              }
            ],
            "name": "allow_http",
            "name_prefix": "",
            "owner_id": "321510646715",
            "revoke_rules_on_delete": false,
            "tags": {
              "Name": "default-allow_http-sc"
            },
            "timeouts": null,
            "vpc_id": "vpc-0c01356817b23e43e"
          },
          "private": "eyJlMmJmYjczMC1lY2FhLTExZTYtOGY4OC0zNDM2M2JjN2M0YzAiOnsiY3JlYXRlIjo2MDAwMDAwMDAwMDAsImRlbGV0ZSI6NjAwMDAwMDAwMDAwfSwic2NoZW1hX3ZlcnNpb24iOiIxIn0=",
          "dependencies": [
            "aws_default_vpc.default",
            "module.aws_security_groups.aws_security_group.alb",
            "module.aws_security_groups.aws_security_group.allow_ssh"
          ]
        }
      ]
    },
    {
      "module": "module.aws_security_groups",
      "mode": "managed",
      "type": "aws_security_group",
      "name": "allow_ssh",
      "provider": "provider[\"registry.terraform.io/hashicorp/aws\"]",
      "instances": [
        {
          "schema_version": 1,
          "attributes": {
            "arn": "arn:aws:ec2:eu-west-2:321510646715:security-group/sg-0a4f898ad8a727cd1",
            "description": "Allow ssh inbound traffic",
            "egress": [
              {
                "cidr_blocks": [
                  "0.0.0.0/0"
                ],
                "description": "",
                "from_port": 0,
                "ipv6_cidr_blocks": [],
                "prefix_list_ids": [],
                "protocol": "-1",
                "security_groups": [],
                "self": false,
                "to_port": 0
              }
            ],
            "id": "sg-0a4f898ad8a727cd1",
            "ingress": [
              {
                "cidr_blocks": [
                  "85.206.68.114/32",
                  "172.31.0.0/16"
                ],
                "description": "SSH from VPC",
                "from_port": 22,
                "ipv6_cidr_blocks": [],
                "prefix_list_ids": [],
                "protocol": "tcp",
                "security_groups": [],
                "self": false,
                "to_port": 22
              }
            ],
            "name": "allow_ssh",
            "name_prefix": "",
            "owner_id": "321510646715",
            "revoke_rules_on_delete": false,
            "tags": {
              "Name": "default-allow_ssh-sc"
            },
            "timeouts": null,
            "vpc_id": "vpc-0c01356817b23e43e"
          },
          "private": "eyJlMmJmYjczMC1lY2FhLTExZTYtOGY4OC0zNDM2M2JjN2M0YzAiOnsiY3JlYXRlIjo2MDAwMDAwMDAwMDAsImRlbGV0ZSI6NjAwMDAwMDAwMDAwfSwic2NoZW1hX3ZlcnNpb24iOiIxIn0=",
          "dependencies": [
            "aws_default_vpc.default"
          ]
        }
      ]
    },
    {
      "module": "module.aws_subnet",
      "mode": "data",
      "type": "aws_availability_zones",
      "name": "available",
      "provider": "provider[\"registry.terraform.io/hashicorp/aws\"]",
      "instances": [
        {
          "schema_version": 0,
          "attributes": {
            "all_availability_zones": null,
            "exclude_names": null,
            "exclude_zone_ids": null,
            "filter": null,
            "group_names": [
              "eu-west-2"
            ],
            "id": "2021-01-21 10:05:27.574598697 +0000 UTC",
            "names": [
              "eu-west-2a",
              "eu-west-2b",
              "eu-west-2c"
            ],
            "state": null,
            "zone_ids": [
              "euw2-az2",
              "euw2-az3",
              "euw2-az1"
            ]
          }
        }
      ]
    },
    {
      "module": "module.aws_subnet",
      "mode": "managed",
      "type": "aws_subnet",
      "name": "public_green_blue",
      "provider": "provider[\"registry.terraform.io/hashicorp/aws\"]",
      "instances": [
        {
          "index_key": 0,
          "schema_version": 1,
          "attributes": {
            "arn": "arn:aws:ec2:eu-west-2:321510646715:subnet/subnet-029ebe4fd649db31e",
            "assign_ipv6_address_on_creation": false,
            "availability_zone": "eu-west-2a",
            "availability_zone_id": "euw2-az2",
            "cidr_block": "172.31.60.0/24",
            "id": "subnet-029ebe4fd649db31e",
            "ipv6_cidr_block": "",
            "ipv6_cidr_block_association_id": "",
            "map_public_ip_on_launch": false,
            "outpost_arn": "",
            "owner_id": "321510646715",
            "tags": {
              "Name": "default-60-subnet"
            },
            "timeouts": null,
            "vpc_id": "vpc-0c01356817b23e43e"
          },
          "private": "eyJlMmJmYjczMC1lY2FhLTExZTYtOGY4OC0zNDM2M2JjN2M0YzAiOnsiY3JlYXRlIjo2MDAwMDAwMDAwMDAsImRlbGV0ZSI6MTIwMDAwMDAwMDAwMH0sInNjaGVtYV92ZXJzaW9uIjoiMSJ9",
          "dependencies": [
            "aws_default_vpc.default",
            "module.aws_subnet.data.aws_availability_zones.available"
          ]
        },
        {
          "index_key": 1,
          "schema_version": 1,
          "attributes": {
            "arn": "arn:aws:ec2:eu-west-2:321510646715:subnet/subnet-0b5739f3e8faf6d51",
            "assign_ipv6_address_on_creation": false,
            "availability_zone": "eu-west-2b",
            "availability_zone_id": "euw2-az3",
            "cidr_block": "172.31.61.0/24",
            "id": "subnet-0b5739f3e8faf6d51",
            "ipv6_cidr_block": "",
            "ipv6_cidr_block_association_id": "",
            "map_public_ip_on_launch": false,
            "outpost_arn": "",
            "owner_id": "321510646715",
            "tags": {
              "Name": "default-61-subnet"
            },
            "timeouts": null,
            "vpc_id": "vpc-0c01356817b23e43e"
          },
          "private": "eyJlMmJmYjczMC1lY2FhLTExZTYtOGY4OC0zNDM2M2JjN2M0YzAiOnsiY3JlYXRlIjo2MDAwMDAwMDAwMDAsImRlbGV0ZSI6MTIwMDAwMDAwMDAwMH0sInNjaGVtYV92ZXJzaW9uIjoiMSJ9",
          "dependencies": [
            "aws_default_vpc.default",
            "module.aws_subnet.data.aws_availability_zones.available"
          ]
        }
      ]
    }
  ]
}
