{
  "version": 4,
  "terraform_version": "0.13.3",
  "serial": 85,
  "lineage": "6c449801-4946-6a8d-441a-9b98b67cd9e0",
  "outputs": {
    "aws_subnet_arn": {
      "value": "arn:aws:ec2:eu-west-2:321510646715:subnet/subnet-055251e3e9cf2e773",
      "type": "string"
    },
    "aws_subnet_id": {
      "value": "subnet-055251e3e9cf2e773",
      "type": "string"
    },
    "aws_vpc_arn": {
      "value": "arn:aws:ec2:eu-west-2:321510646715:vpc/vpc-01f39970f8e215846",
      "type": "string"
    },
    "aws_vpc_id": {
      "value": "vpc-01f39970f8e215846",
      "type": "string"
    },
    "ec2_instance_arn": {
      "value": "arn:aws:ec2:eu-west-2:321510646715:instance/i-079657c3a17affe0c",
      "type": "string"
    },
    "ec2_instance_public_ip": {
      "value": "3.8.6.34",
      "type": "string"
    },
    "ecr_arn": {
      "value": "arn:aws:ecr:eu-west-2:321510646715:repository/vilius",
      "type": "string"
    },
    "ecr_repo_url": {
      "value": "321510646715.dkr.ecr.eu-west-2.amazonaws.com/vilius",
      "type": "string"
    }
  },
  "resources": [
    {
      "module": "module.aws_alb",
      "mode": "managed",
      "type": "aws_lb",
      "name": "alb",
      "provider": "provider[\"registry.terraform.io/hashicorp/aws\"]",
      "instances": [
        {
          "schema_version": 0,
          "attributes": {
            "access_logs": [
              {
                "bucket": "",
                "enabled": false,
                "prefix": ""
              }
            ],
            "arn": "arn:aws:elasticloadbalancing:eu-west-2:321510646715:loadbalancer/app/vilius-alb-alb/e2d0fb92aab1317e",
            "arn_suffix": "app/vilius-alb-alb/e2d0fb92aab1317e",
            "customer_owned_ipv4_pool": "",
            "dns_name": "vilius-alb-alb-611235334.eu-west-2.elb.amazonaws.com",
            "drop_invalid_header_fields": false,
            "enable_cross_zone_load_balancing": null,
            "enable_deletion_protection": true,
            "enable_http2": true,
            "id": "arn:aws:elasticloadbalancing:eu-west-2:321510646715:loadbalancer/app/vilius-alb-alb/e2d0fb92aab1317e",
            "idle_timeout": 60,
            "internal": false,
            "ip_address_type": "ipv4",
            "load_balancer_type": "application",
            "name": "vilius-alb-alb",
            "name_prefix": null,
            "security_groups": [
              "sg-0e6a6be745162757f"
            ],
            "subnet_mapping": [
              {
                "allocation_id": "",
                "outpost_id": "",
                "private_ipv4_address": "",
                "subnet_id": "subnet-083d816835215afa4"
              },
              {
                "allocation_id": "",
                "outpost_id": "",
                "private_ipv4_address": "",
                "subnet_id": "subnet-090b51e812677379b"
              }
            ],
            "subnets": [
              "subnet-083d816835215afa4",
              "subnet-090b51e812677379b"
            ],
            "tags": {
              "Environment": "dev"
            },
            "timeouts": null,
            "vpc_id": "vpc-0e644d62c82044dc4",
            "zone_id": "ZHURV8PSTC4K8"
          },
          "private": "eyJlMmJmYjczMC1lY2FhLTExZTYtOGY4OC0zNDM2M2JjN2M0YzAiOnsiY3JlYXRlIjo2MDAwMDAwMDAwMDAsImRlbGV0ZSI6NjAwMDAwMDAwMDAwLCJ1cGRhdGUiOjYwMDAwMDAwMDAwMH19",
          "dependencies": [
            "module.aws_ec2.aws_security_group.allow_ssh"
          ]
        }
      ]
    },
    {
      "module": "module.aws_alb",
      "mode": "managed",
      "type": "aws_lb_target_group",
      "name": "nginx",
      "provider": "provider[\"registry.terraform.io/hashicorp/aws\"]",
      "instances": [
        {
          "schema_version": 0,
          "attributes": {
            "arn": "arn:aws:elasticloadbalancing:eu-west-2:321510646715:targetgroup/vilius-alb/512f682c31015e55",
            "arn_suffix": "targetgroup/vilius-alb/512f682c31015e55",
            "deregistration_delay": 300,
            "health_check": [
              {
                "enabled": true,
                "healthy_threshold": 5,
                "interval": 30,
                "matcher": "200",
                "path": "/",
                "port": "traffic-port",
                "protocol": "HTTP",
                "timeout": 5,
                "unhealthy_threshold": 2
              }
            ],
            "id": "arn:aws:elasticloadbalancing:eu-west-2:321510646715:targetgroup/vilius-alb/512f682c31015e55",
            "lambda_multi_value_headers_enabled": false,
            "load_balancing_algorithm_type": "round_robin",
            "name": "vilius-alb",
            "name_prefix": null,
            "port": 80,
            "protocol": "HTTP",
            "proxy_protocol_v2": false,
            "slow_start": 0,
            "stickiness": [
              {
                "cookie_duration": 86400,
                "enabled": false,
                "type": "lb_cookie"
              }
            ],
            "tags": {},
            "target_type": "instance",
            "vpc_id": "vpc-0e644d62c82044dc4"
          },
          "private": "bnVsbA=="
        }
      ]
    },
    {
      "module": "module.aws_alb",
      "mode": "managed",
      "type": "aws_vpc",
      "name": "main",
      "provider": "provider[\"registry.terraform.io/hashicorp/aws\"]",
      "instances": [
        {
          "schema_version": 1,
          "attributes": {
            "arn": "arn:aws:ec2:eu-west-2:321510646715:vpc/vpc-0a0e3d7567a6ecd08",
            "assign_generated_ipv6_cidr_block": false,
            "cidr_block": "172.31.0.0/16",
            "default_network_acl_id": "acl-0fc19c2889ee5fa33",
            "default_route_table_id": "rtb-0189dbce9270bcb06",
            "default_security_group_id": "sg-096dcea976730a7c0",
            "dhcp_options_id": "dopt-07ae8376be68cf52b",
            "enable_classiclink": null,
            "enable_classiclink_dns_support": null,
            "enable_dns_hostnames": false,
            "enable_dns_support": true,
            "id": "vpc-0a0e3d7567a6ecd08",
            "instance_tenancy": "default",
            "ipv6_association_id": "",
            "ipv6_cidr_block": "",
            "main_route_table_id": "rtb-0189dbce9270bcb06",
            "owner_id": "321510646715",
            "tags": {}
          },
          "private": "eyJzY2hlbWFfdmVyc2lvbiI6IjEifQ=="
        }
      ]
    },
    {
      "module": "module.aws_ec2",
      "mode": "managed",
      "type": "aws_instance",
      "name": "name",
      "provider": "provider[\"registry.terraform.io/hashicorp/aws\"]",
      "instances": [
        {
          "schema_version": 1,
          "attributes": {
            "ami": "ami-0ff4c8fb495a5a50d",
            "arn": "arn:aws:ec2:eu-west-2:321510646715:instance/i-079657c3a17affe0c",
            "associate_public_ip_address": true,
            "availability_zone": "eu-west-2a",
            "cpu_core_count": 1,
            "cpu_threads_per_core": 1,
            "credit_specification": [
              {
                "cpu_credits": "standard"
              }
            ],
            "disable_api_termination": false,
            "ebs_block_device": [],
            "ebs_optimized": false,
            "ephemeral_block_device": [],
            "get_password_data": false,
            "hibernation": false,
            "host_id": null,
            "iam_instance_profile": "",
            "id": "i-079657c3a17affe0c",
            "instance_initiated_shutdown_behavior": null,
            "instance_state": "running",
            "instance_type": "t2.micro",
            "ipv6_address_count": 0,
            "ipv6_addresses": [],
            "key_name": "communication-key",
            "metadata_options": [
              {
                "http_endpoint": "enabled",
                "http_put_response_hop_limit": 1,
                "http_tokens": "optional"
              }
            ],
            "monitoring": false,
            "network_interface": [],
            "outpost_arn": "",
            "password_data": "",
            "placement_group": "",
            "primary_network_interface_id": "eni-0e9ccd002a67cca63",
            "private_dns": "ip-172-31-28-104.eu-west-2.compute.internal",
            "private_ip": "172.31.28.104",
            "public_dns": "ec2-3-8-6-34.eu-west-2.compute.amazonaws.com",
            "public_ip": "3.8.6.34",
            "root_block_device": [
              {
                "delete_on_termination": true,
                "device_name": "/dev/sda1",
                "encrypted": false,
                "iops": 100,
                "kms_key_id": "",
                "volume_id": "vol-0831938f9c2a769d5",
                "volume_size": 8,
                "volume_type": "gp2"
              }
            ],
            "secondary_private_ips": [],
            "security_groups": [
              "allow_ssh"
            ],
            "source_dest_check": true,
            "subnet_id": "subnet-090b51e812677379b",
            "tags": {
              "Name": "vilius-frontend"
            },
            "tenancy": "default",
            "timeouts": null,
            "user_data": null,
            "user_data_base64": null,
            "volume_tags": {},
            "vpc_security_group_ids": [
              "sg-0e6a6be745162757f"
            ]
          },
          "private": "eyJlMmJmYjczMC1lY2FhLTExZTYtOGY4OC0zNDM2M2JjN2M0YzAiOnsiY3JlYXRlIjo2MDAwMDAwMDAwMDAsImRlbGV0ZSI6MTIwMDAwMDAwMDAwMCwidXBkYXRlIjo2MDAwMDAwMDAwMDB9LCJzY2hlbWFfdmVyc2lvbiI6IjEifQ==",
          "dependencies": [
            "module.aws_ec2.aws_key_pair.communication_key",
            "module.aws_ec2.aws_security_group.allow_ssh"
          ]
        }
      ]
    },
    {
      "module": "module.aws_ec2",
      "mode": "managed",
      "type": "aws_key_pair",
      "name": "communication_key",
      "provider": "provider[\"registry.terraform.io/hashicorp/aws\"]",
      "instances": [
        {
          "schema_version": 1,
          "attributes": {
            "arn": "arn:aws:ec2:eu-west-2:321510646715:key-pair/communication-key",
            "fingerprint": "c9:db:9b:9e:36:0f:ba:38:2e:07:ec:6a:51:04:de:71",
            "id": "communication-key",
            "key_name": "communication-key",
            "key_name_prefix": null,
            "key_pair_id": "key-013a0a30300df8ab6",
            "public_key": "ssh-rsa AAAAB3NzaC1yc2EAAAADAQABAAABAQCeAP7qQic1i8ggCE8t0hg6c5CQcffJ6XrCmogS/NMGACW1QmcisenZAANbvEtT4E+iSVzT/VTFW+F8gKBF5nYRUrDzLJ/hn9khyKpmHiILvLke8ety2iuD+/HclTmZipbyljg6WTP8tgltD9CIVqmqgz12G6dW4Z3ylTxT6Hqm297SrtG9X27FyNGnG2TjvARG+JNsHhhbrEj4KdcM7VhVKNLa+hghhm3vuqU3X7Voab7+ZS237JxywVdRa0W98jf6vmUbm1QNXO8CwX/YnstE8qD/LrzIb9S9Z2X/UF5BeOXB0ODcMSJua2xhcIgumxVX0g2tOIPDrh4wAebDTmcf",
            "tags": {}
          },
          "private": "eyJzY2hlbWFfdmVyc2lvbiI6IjEifQ=="
        }
      ]
    },
    {
      "module": "module.aws_ec2",
      "mode": "managed",
      "type": "aws_network_interface",
      "name": "aws_instance",
      "provider": "provider[\"registry.terraform.io/hashicorp/aws\"]",
      "instances": [
        {
          "schema_version": 0,
          "attributes": {
            "attachment": [],
            "description": "",
            "id": "eni-00c60b4a08fb8b980",
            "mac_address": "02:99:24:b6:36:08",
            "outpost_arn": "",
            "private_dns_name": "ip-172-31-1-163.eu-west-2.compute.internal",
            "private_ip": "172.31.1.163",
            "private_ips": [
              "172.31.1.163"
            ],
            "private_ips_count": 0,
            "security_groups": [
              "sg-01005186aaa476ae8"
            ],
            "source_dest_check": true,
            "subnet_id": "subnet-083d816835215afa4",
            "tags": {
              "Name": "AWS_network_interface"
            }
          },
          "private": "bnVsbA=="
        }
      ]
    },
    {
      "module": "module.aws_ec2",
      "mode": "managed",
      "type": "aws_security_group",
      "name": "allow_ssh",
      "provider": "provider[\"registry.terraform.io/hashicorp/aws\"]",
      "instances": [
        {
          "schema_version": 1,
          "attributes": {
            "arn": "arn:aws:ec2:eu-west-2:321510646715:security-group/sg-0e6a6be745162757f",
            "description": "Allow ssh inbound traffic",
            "egress": [
              {
                "cidr_blocks": [
                  "0.0.0.0/0"
                ],
                "description": "",
                "from_port": 0,
                "ipv6_cidr_blocks": [],
                "prefix_list_ids": [],
                "protocol": "-1",
                "security_groups": [],
                "self": false,
                "to_port": 0
              }
            ],
            "id": "sg-0e6a6be745162757f",
            "ingress": [
              {
                "cidr_blocks": [
                  "85.206.68.114/32",
                  "172.31.0.0/16"
                ],
                "description": "SSH from VPC",
                "from_port": 22,
                "ipv6_cidr_blocks": [],
                "prefix_list_ids": [],
                "protocol": "tcp",
                "security_groups": [],
                "self": false,
                "to_port": 22
              }
            ],
            "name": "allow_ssh",
            "name_prefix": "",
            "owner_id": "321510646715",
            "revoke_rules_on_delete": false,
            "tags": {
              "Name": "allow_ssh"
            },
            "timeouts": null,
            "vpc_id": "vpc-0e644d62c82044dc4"
          },
          "private": "eyJlMmJmYjczMC1lY2FhLTExZTYtOGY4OC0zNDM2M2JjN2M0YzAiOnsiY3JlYXRlIjo2MDAwMDAwMDAwMDAsImRlbGV0ZSI6NjAwMDAwMDAwMDAwfSwic2NoZW1hX3ZlcnNpb24iOiIxIn0="
        }
      ]
    },
    {
      "module": "module.aws_ecr",
      "mode": "managed",
      "type": "aws_ecr_repository",
      "name": "aws_ecr",
      "provider": "provider[\"registry.terraform.io/hashicorp/aws\"]",
      "instances": [
        {
          "schema_version": 0,
          "attributes": {
            "arn": "arn:aws:ecr:eu-west-2:321510646715:repository/vilius",
            "encryption_configuration": [
              {
                "encryption_type": "AES256",
                "kms_key": ""
              }
            ],
            "id": "vilius",
            "image_scanning_configuration": [
              {
                "scan_on_push": true
              }
            ],
            "image_tag_mutability": "MUTABLE",
            "name": "vilius",
            "registry_id": "321510646715",
            "repository_url": "321510646715.dkr.ecr.eu-west-2.amazonaws.com/vilius",
            "tags": {},
            "timeouts": null
          },
          "private": "eyJlMmJmYjczMC1lY2FhLTExZTYtOGY4OC0zNDM2M2JjN2M0YzAiOnsiZGVsZXRlIjoxMjAwMDAwMDAwMDAwfX0="
        }
      ]
    },
    {
      "module": "module.aws_vpc",
      "mode": "managed",
      "type": "aws_internet_gateway",
      "name": "gw",
      "provider": "provider[\"registry.terraform.io/hashicorp/aws\"]",
      "instances": [
        {
          "schema_version": 0,
          "attributes": {
            "arn": "arn:aws:ec2:eu-west-2:321510646715:internet-gateway/igw-06bb0738a41ff175e",
            "id": "igw-06bb0738a41ff175e",
            "owner_id": "321510646715",
            "tags": {
              "Name": "vilius-gateway"
            },
            "vpc_id": "vpc-01f39970f8e215846"
          },
          "private": "bnVsbA==",
          "dependencies": [
            "module.aws_vpc.aws_vpc.main"
          ]
        }
      ]
    },
    {
      "module": "module.aws_vpc",
      "mode": "managed",
      "type": "aws_subnet",
      "name": "main",
      "provider": "provider[\"registry.terraform.io/hashicorp/aws\"]",
      "instances": [
        {
          "schema_version": 1,
          "attributes": {
            "arn": "arn:aws:ec2:eu-west-2:321510646715:subnet/subnet-055251e3e9cf2e773",
            "assign_ipv6_address_on_creation": false,
            "availability_zone": "eu-west-2a",
            "availability_zone_id": "euw2-az2",
            "cidr_block": "10.0.1.0/24",
            "id": "subnet-055251e3e9cf2e773",
            "ipv6_cidr_block": "",
            "ipv6_cidr_block_association_id": "",
            "map_public_ip_on_launch": false,
            "outpost_arn": "",
            "owner_id": "321510646715",
            "tags": {
              "Name": "vilius-subnet"
            },
            "timeouts": null,
            "vpc_id": "vpc-01f39970f8e215846"
          },
          "private": "eyJlMmJmYjczMC1lY2FhLTExZTYtOGY4OC0zNDM2M2JjN2M0YzAiOnsiY3JlYXRlIjo2MDAwMDAwMDAwMDAsImRlbGV0ZSI6MTIwMDAwMDAwMDAwMH0sInNjaGVtYV92ZXJzaW9uIjoiMSJ9",
          "dependencies": [
            "module.aws_vpc.aws_vpc.main"
          ]
        }
      ]
    },
    {
      "module": "module.aws_vpc",
      "mode": "managed",
      "type": "aws_vpc",
      "name": "main",
      "provider": "provider[\"registry.terraform.io/hashicorp/aws\"]",
      "instances": [
        {
          "schema_version": 1,
          "attributes": {
            "arn": "arn:aws:ec2:eu-west-2:321510646715:vpc/vpc-01f39970f8e215846",
            "assign_generated_ipv6_cidr_block": false,
            "cidr_block": "10.0.0.0/16",
            "default_network_acl_id": "acl-0b21728291002322e",
            "default_route_table_id": "rtb-0696ed022caf99ffc",
            "default_security_group_id": "sg-08eb3249f54291e27",
            "dhcp_options_id": "dopt-07ae8376be68cf52b",
            "enable_classiclink": null,
            "enable_classiclink_dns_support": null,
            "enable_dns_hostnames": true,
            "enable_dns_support": true,
            "id": "vpc-01f39970f8e215846",
            "instance_tenancy": "default",
            "ipv6_association_id": "",
            "ipv6_cidr_block": "",
            "main_route_table_id": "rtb-0696ed022caf99ffc",
            "owner_id": "321510646715",
            "tags": {
              "Name": "vilius-vpc"
            }
          },
          "private": "eyJzY2hlbWFfdmVyc2lvbiI6IjEifQ=="
        }
      ]
    }
  ]
}
