{
  "version": 4,
  "terraform_version": "0.13.3",
  "serial": 298,
  "lineage": "6c449801-4946-6a8d-441a-9b98b67cd9e0",
  "outputs": {
    "aws_lb_dns": {
      "value": "vilius-alb-alb-662073094.eu-west-2.elb.amazonaws.com",
      "type": "string"
    },
    "aws_subnet_id": {
      "value": [
        [
          "subnet-047de37d61d717a68",
          "subnet-075c071b4d91858e0"
        ]
      ],
      "type": [
        "tuple",
        [
          [
            "tuple",
            [
              "string",
              "string"
            ]
          ]
        ]
      ]
    },
    "ec2_green_instance_id": {
      "value": [
        "i-0ff2d94d20ea741e0",
        "i-0868e50cae559cb1a"
      ],
      "type": [
        "tuple",
        [
          "string",
          "string"
        ]
      ]
    },
    "ec2_green_instance_public_ip": {
      "value": [
        "",
        ""
      ],
      "type": [
        "tuple",
        [
          "string",
          "string"
        ]
      ]
    }
  },
  "resources": [
    {
      "mode": "managed",
      "type": "aws_default_vpc",
      "name": "default",
      "provider": "provider[\"registry.terraform.io/hashicorp/aws\"]",
      "instances": [
        {
          "schema_version": 1,
          "attributes": {
            "arn": "arn:aws:ec2:eu-west-2:321510646715:vpc/vpc-03871b6fb7b916cdf",
            "assign_generated_ipv6_cidr_block": false,
            "cidr_block": "172.31.0.0/16",
            "default_network_acl_id": "acl-07ef7969bbda49b7f",
            "default_route_table_id": "rtb-0b13c2b676e2d7412",
            "default_security_group_id": "sg-005fb61095aac6f4d",
            "dhcp_options_id": "dopt-00f1452f3d456a460",
            "enable_classiclink": null,
            "enable_classiclink_dns_support": null,
            "enable_dns_hostnames": true,
            "enable_dns_support": true,
            "id": "vpc-03871b6fb7b916cdf",
            "instance_tenancy": "default",
            "ipv6_association_id": "",
            "ipv6_cidr_block": "",
            "main_route_table_id": "rtb-0b13c2b676e2d7412",
            "owner_id": "321510646715",
            "tags": {}
          },
          "private": "eyJzY2hlbWFfdmVyc2lvbiI6IjEifQ=="
        }
      ]
    },
    {
      "module": "module.aws_alb",
      "mode": "managed",
      "type": "aws_lb",
      "name": "alb",
      "provider": "provider[\"registry.terraform.io/hashicorp/aws\"]",
      "instances": [
        {
          "schema_version": 0,
          "attributes": {
            "access_logs": [
              {
                "bucket": "",
                "enabled": false,
                "prefix": ""
              }
            ],
            "arn": "arn:aws:elasticloadbalancing:eu-west-2:321510646715:loadbalancer/app/vilius-alb-alb/471d909c6188c484",
            "arn_suffix": "app/vilius-alb-alb/471d909c6188c484",
            "customer_owned_ipv4_pool": "",
            "dns_name": "vilius-alb-alb-662073094.eu-west-2.elb.amazonaws.com",
            "drop_invalid_header_fields": false,
            "enable_cross_zone_load_balancing": null,
            "enable_deletion_protection": true,
            "enable_http2": true,
            "id": "arn:aws:elasticloadbalancing:eu-west-2:321510646715:loadbalancer/app/vilius-alb-alb/471d909c6188c484",
            "idle_timeout": 60,
            "internal": false,
            "ip_address_type": "ipv4",
            "load_balancer_type": "application",
            "name": "vilius-alb-alb",
            "name_prefix": null,
            "security_groups": [
              "sg-068dfc2e7cdc735d4",
              "sg-0cf06e088bcf25ac0"
            ],
            "subnet_mapping": [
              {
                "allocation_id": "",
                "outpost_id": "",
                "private_ipv4_address": "",
                "subnet_id": "subnet-047de37d61d717a68"
              },
              {
                "allocation_id": "",
                "outpost_id": "",
                "private_ipv4_address": "",
                "subnet_id": "subnet-075c071b4d91858e0"
              }
            ],
            "subnets": [
              "subnet-047de37d61d717a68",
              "subnet-075c071b4d91858e0"
            ],
            "tags": {
              "Environment": "vilius-alb"
            },
            "timeouts": null,
            "vpc_id": "vpc-03871b6fb7b916cdf",
            "zone_id": "ZHURV8PSTC4K8"
          },
          "private": "eyJlMmJmYjczMC1lY2FhLTExZTYtOGY4OC0zNDM2M2JjN2M0YzAiOnsiY3JlYXRlIjo2MDAwMDAwMDAwMDAsImRlbGV0ZSI6NjAwMDAwMDAwMDAwLCJ1cGRhdGUiOjYwMDAwMDAwMDAwMH19",
          "dependencies": [
            "module.aws_ec2.aws_security_group.allow_http",
            "module.aws_ec2.aws_security_group.allow_ssh"
          ]
        }
      ]
    },
    {
      "module": "module.aws_alb",
      "mode": "managed",
      "type": "aws_lb_listener",
      "name": "front_end",
      "provider": "provider[\"registry.terraform.io/hashicorp/aws\"]",
      "instances": [
        {
          "schema_version": 0,
          "attributes": {
            "arn": "arn:aws:elasticloadbalancing:eu-west-2:321510646715:listener/app/vilius-alb-alb/471d909c6188c484/d5174c567aa49494",
            "certificate_arn": null,
            "default_action": [
              {
                "authenticate_cognito": [],
                "authenticate_oidc": [],
                "fixed_response": [],
                "forward": [],
                "order": 1,
                "redirect": [],
                "target_group_arn": "arn:aws:elasticloadbalancing:eu-west-2:321510646715:targetgroup/blue-vilius-one-lb/9e9d4e422475a693",
                "type": "forward"
              }
            ],
            "id": "arn:aws:elasticloadbalancing:eu-west-2:321510646715:listener/app/vilius-alb-alb/471d909c6188c484/d5174c567aa49494",
            "load_balancer_arn": "arn:aws:elasticloadbalancing:eu-west-2:321510646715:loadbalancer/app/vilius-alb-alb/471d909c6188c484",
            "port": 80,
            "protocol": "HTTP",
            "ssl_policy": "",
            "timeouts": null
          },
          "private": "eyJlMmJmYjczMC1lY2FhLTExZTYtOGY4OC0zNDM2M2JjN2M0YzAiOnsicmVhZCI6NjAwMDAwMDAwMDAwfX0=",
          "dependencies": [
            "module.aws_alb.aws_lb.alb",
            "module.aws_ec2.aws_lb_target_group.blue",
            "module.aws_ec2.aws_security_group.allow_http",
            "module.aws_ec2.aws_security_group.allow_ssh"
          ]
        }
      ]
    },
    {
      "module": "module.aws_alb",
      "mode": "managed",
      "type": "aws_vpc",
      "name": "main",
      "provider": "provider[\"registry.terraform.io/hashicorp/aws\"]",
      "instances": [
        {
          "schema_version": 1,
          "attributes": {
            "arn": "arn:aws:ec2:eu-west-2:321510646715:vpc/vpc-01c95c2b9d3774c5d",
            "assign_generated_ipv6_cidr_block": false,
            "cidr_block": "172.31.0.0/16",
            "default_network_acl_id": "acl-0ba289aa95ae23c05",
            "default_route_table_id": "rtb-054ebf7a238491e4f",
            "default_security_group_id": "sg-039bea85ec927b545",
            "dhcp_options_id": "dopt-00f1452f3d456a460",
            "enable_classiclink": null,
            "enable_classiclink_dns_support": null,
            "enable_dns_hostnames": false,
            "enable_dns_support": true,
            "id": "vpc-01c95c2b9d3774c5d",
            "instance_tenancy": "default",
            "ipv6_association_id": "",
            "ipv6_cidr_block": "",
            "main_route_table_id": "rtb-054ebf7a238491e4f",
            "owner_id": "321510646715",
            "tags": null
          },
          "private": "eyJzY2hlbWFfdmVyc2lvbiI6IjEifQ=="
        }
      ]
    },
    {
      "module": "module.aws_ec2",
      "mode": "managed",
      "type": "aws_instance",
      "name": "blue",
      "provider": "provider[\"registry.terraform.io/hashicorp/aws\"]",
      "instances": [
        {
          "index_key": 0,
          "schema_version": 1,
          "attributes": {
            "ami": "ami-0ff4c8fb495a5a50d",
            "arn": "arn:aws:ec2:eu-west-2:321510646715:instance/i-07395621c2260ace2",
            "associate_public_ip_address": false,
            "availability_zone": "eu-west-2a",
            "cpu_core_count": 1,
            "cpu_threads_per_core": 1,
            "credit_specification": [
              {
                "cpu_credits": "standard"
              }
            ],
            "disable_api_termination": false,
            "ebs_block_device": [],
            "ebs_optimized": false,
            "ephemeral_block_device": [],
            "get_password_data": false,
            "hibernation": false,
            "host_id": null,
            "iam_instance_profile": "",
            "id": "i-07395621c2260ace2",
            "instance_initiated_shutdown_behavior": null,
            "instance_state": "running",
            "instance_type": "t2.micro",
            "ipv6_address_count": 0,
            "ipv6_addresses": [],
            "key_name": "communication-key",
            "metadata_options": [
              {
                "http_endpoint": "enabled",
                "http_put_response_hop_limit": 1,
                "http_tokens": "optional"
              }
            ],
            "monitoring": false,
            "network_interface": [],
            "outpost_arn": "",
            "password_data": "",
            "placement_group": "",
            "primary_network_interface_id": "eni-02d4d033d735f20e2",
            "private_dns": "ip-172-31-60-127.eu-west-2.compute.internal",
            "private_ip": "172.31.60.127",
            "public_dns": "",
            "public_ip": "",
            "root_block_device": [
              {
                "delete_on_termination": true,
                "device_name": "/dev/sda1",
                "encrypted": false,
                "iops": 100,
                "kms_key_id": "",
                "volume_id": "vol-010e5cb7f858f3098",
                "volume_size": 8,
                "volume_type": "gp2"
              }
            ],
            "secondary_private_ips": [],
            "security_groups": [
              "allow_http",
              "allow_ssh"
            ],
            "source_dest_check": true,
            "subnet_id": "subnet-047de37d61d717a68",
            "tags": {
              "Name": "vilius-one-blue-1"
            },
            "tenancy": "default",
            "timeouts": null,
            "user_data": "89a2c2eeed96a1987027a14b3dabeb3ab9a6a6c5",
            "user_data_base64": null,
            "volume_tags": {},
            "vpc_security_group_ids": [
              "sg-068dfc2e7cdc735d4",
              "sg-0cf06e088bcf25ac0"
            ]
          },
          "private": "eyJlMmJmYjczMC1lY2FhLTExZTYtOGY4OC0zNDM2M2JjN2M0YzAiOnsiY3JlYXRlIjo2MDAwMDAwMDAwMDAsImRlbGV0ZSI6MTIwMDAwMDAwMDAwMCwidXBkYXRlIjo2MDAwMDAwMDAwMDB9LCJzY2hlbWFfdmVyc2lvbiI6IjEifQ==",
          "dependencies": [
            "module.aws_ec2.aws_key_pair.communication_key",
            "module.aws_ec2.aws_security_group.allow_http",
            "module.aws_ec2.aws_security_group.allow_ssh",
            "module.aws_subnet.aws_subnet.public_green_blue"
          ]
        },
        {
          "index_key": 1,
          "schema_version": 1,
          "attributes": {
            "ami": "ami-0ff4c8fb495a5a50d",
            "arn": "arn:aws:ec2:eu-west-2:321510646715:instance/i-08f040701245dabca",
            "associate_public_ip_address": false,
            "availability_zone": "eu-west-2b",
            "cpu_core_count": 1,
            "cpu_threads_per_core": 1,
            "credit_specification": [
              {
                "cpu_credits": "standard"
              }
            ],
            "disable_api_termination": false,
            "ebs_block_device": [],
            "ebs_optimized": false,
            "ephemeral_block_device": [],
            "get_password_data": false,
            "hibernation": false,
            "host_id": null,
            "iam_instance_profile": "",
            "id": "i-08f040701245dabca",
            "instance_initiated_shutdown_behavior": null,
            "instance_state": "running",
            "instance_type": "t2.micro",
            "ipv6_address_count": 0,
            "ipv6_addresses": [],
            "key_name": "communication-key",
            "metadata_options": [
              {
                "http_endpoint": "enabled",
                "http_put_response_hop_limit": 1,
                "http_tokens": "optional"
              }
            ],
            "monitoring": false,
            "network_interface": [],
            "outpost_arn": "",
            "password_data": "",
            "placement_group": "",
            "primary_network_interface_id": "eni-02f41b565322e5bc2",
            "private_dns": "ip-172-31-61-161.eu-west-2.compute.internal",
            "private_ip": "172.31.61.161",
            "public_dns": "",
            "public_ip": "",
            "root_block_device": [
              {
                "delete_on_termination": true,
                "device_name": "/dev/sda1",
                "encrypted": false,
                "iops": 100,
                "kms_key_id": "",
                "volume_id": "vol-0988eb73a0eb9ac93",
                "volume_size": 8,
                "volume_type": "gp2"
              }
            ],
            "secondary_private_ips": [],
            "security_groups": [
              "allow_http",
              "allow_ssh"
            ],
            "source_dest_check": true,
            "subnet_id": "subnet-075c071b4d91858e0",
            "tags": {
              "Name": "vilius-one-blue-2"
            },
            "tenancy": "default",
            "timeouts": null,
            "user_data": "89a2c2eeed96a1987027a14b3dabeb3ab9a6a6c5",
            "user_data_base64": null,
            "volume_tags": {},
            "vpc_security_group_ids": [
              "sg-068dfc2e7cdc735d4",
              "sg-0cf06e088bcf25ac0"
            ]
          },
          "private": "eyJlMmJmYjczMC1lY2FhLTExZTYtOGY4OC0zNDM2M2JjN2M0YzAiOnsiY3JlYXRlIjo2MDAwMDAwMDAwMDAsImRlbGV0ZSI6MTIwMDAwMDAwMDAwMCwidXBkYXRlIjo2MDAwMDAwMDAwMDB9LCJzY2hlbWFfdmVyc2lvbiI6IjEifQ==",
          "dependencies": [
            "module.aws_ec2.aws_key_pair.communication_key",
            "module.aws_ec2.aws_security_group.allow_http",
            "module.aws_ec2.aws_security_group.allow_ssh",
            "module.aws_subnet.aws_subnet.public_green_blue"
          ]
        }
      ]
    },
    {
      "module": "module.aws_ec2",
      "mode": "managed",
      "type": "aws_instance",
      "name": "green",
      "provider": "provider[\"registry.terraform.io/hashicorp/aws\"]",
      "instances": [
        {
          "index_key": 0,
          "schema_version": 1,
          "attributes": {
            "ami": "ami-0ff4c8fb495a5a50d",
            "arn": "arn:aws:ec2:eu-west-2:321510646715:instance/i-0ff2d94d20ea741e0",
            "associate_public_ip_address": false,
            "availability_zone": "eu-west-2a",
            "cpu_core_count": 1,
            "cpu_threads_per_core": 1,
            "credit_specification": [
              {
                "cpu_credits": "standard"
              }
            ],
            "disable_api_termination": false,
            "ebs_block_device": [],
            "ebs_optimized": false,
            "ephemeral_block_device": [],
            "get_password_data": false,
            "hibernation": false,
            "host_id": null,
            "iam_instance_profile": "",
            "id": "i-0ff2d94d20ea741e0",
            "instance_initiated_shutdown_behavior": null,
            "instance_state": "running",
            "instance_type": "t2.micro",
            "ipv6_address_count": 0,
            "ipv6_addresses": [],
            "key_name": "communication-key",
            "metadata_options": [
              {
                "http_endpoint": "enabled",
                "http_put_response_hop_limit": 1,
                "http_tokens": "optional"
              }
            ],
            "monitoring": false,
            "network_interface": [],
            "outpost_arn": "",
            "password_data": "",
            "placement_group": "",
            "primary_network_interface_id": "eni-00c0a3b103197dae8",
            "private_dns": "ip-172-31-60-86.eu-west-2.compute.internal",
            "private_ip": "172.31.60.86",
            "public_dns": "",
            "public_ip": "",
            "root_block_device": [
              {
                "delete_on_termination": true,
                "device_name": "/dev/sda1",
                "encrypted": false,
                "iops": 100,
                "kms_key_id": "",
                "volume_id": "vol-0339d1de23a972916",
                "volume_size": 8,
                "volume_type": "gp2"
              }
            ],
            "secondary_private_ips": [],
            "security_groups": [
              "allow_http",
              "allow_ssh"
            ],
            "source_dest_check": true,
            "subnet_id": "subnet-047de37d61d717a68",
            "tags": {
              "Name": "vilius-one-green-1"
            },
            "tenancy": "default",
            "timeouts": null,
            "user_data": "89a2c2eeed96a1987027a14b3dabeb3ab9a6a6c5",
            "user_data_base64": null,
            "volume_tags": {},
            "vpc_security_group_ids": [
              "sg-068dfc2e7cdc735d4",
              "sg-0cf06e088bcf25ac0"
            ]
          },
          "private": "eyJlMmJmYjczMC1lY2FhLTExZTYtOGY4OC0zNDM2M2JjN2M0YzAiOnsiY3JlYXRlIjo2MDAwMDAwMDAwMDAsImRlbGV0ZSI6MTIwMDAwMDAwMDAwMCwidXBkYXRlIjo2MDAwMDAwMDAwMDB9LCJzY2hlbWFfdmVyc2lvbiI6IjEifQ==",
          "dependencies": [
            "module.aws_ec2.aws_key_pair.communication_key",
            "module.aws_ec2.aws_security_group.allow_http",
            "module.aws_ec2.aws_security_group.allow_ssh",
            "module.aws_subnet.aws_subnet.public_green_blue"
          ]
        },
        {
          "index_key": 1,
          "schema_version": 1,
          "attributes": {
            "ami": "ami-0ff4c8fb495a5a50d",
            "arn": "arn:aws:ec2:eu-west-2:321510646715:instance/i-0868e50cae559cb1a",
            "associate_public_ip_address": false,
            "availability_zone": "eu-west-2b",
            "cpu_core_count": 1,
            "cpu_threads_per_core": 1,
            "credit_specification": [
              {
                "cpu_credits": "standard"
              }
            ],
            "disable_api_termination": false,
            "ebs_block_device": [],
            "ebs_optimized": false,
            "ephemeral_block_device": [],
            "get_password_data": false,
            "hibernation": false,
            "host_id": null,
            "iam_instance_profile": "",
            "id": "i-0868e50cae559cb1a",
            "instance_initiated_shutdown_behavior": null,
            "instance_state": "running",
            "instance_type": "t2.micro",
            "ipv6_address_count": 0,
            "ipv6_addresses": [],
            "key_name": "communication-key",
            "metadata_options": [
              {
                "http_endpoint": "enabled",
                "http_put_response_hop_limit": 1,
                "http_tokens": "optional"
              }
            ],
            "monitoring": false,
            "network_interface": [],
            "outpost_arn": "",
            "password_data": "",
            "placement_group": "",
            "primary_network_interface_id": "eni-0ea49a307e056bb7a",
            "private_dns": "ip-172-31-61-43.eu-west-2.compute.internal",
            "private_ip": "172.31.61.43",
            "public_dns": "",
            "public_ip": "",
            "root_block_device": [
              {
                "delete_on_termination": true,
                "device_name": "/dev/sda1",
                "encrypted": false,
                "iops": 100,
                "kms_key_id": "",
                "volume_id": "vol-0ee1fe5b33b4db122",
                "volume_size": 8,
                "volume_type": "gp2"
              }
            ],
            "secondary_private_ips": [],
            "security_groups": [
              "allow_http",
              "allow_ssh"
            ],
            "source_dest_check": true,
            "subnet_id": "subnet-075c071b4d91858e0",
            "tags": {
              "Name": "vilius-one-green-2"
            },
            "tenancy": "default",
            "timeouts": null,
            "user_data": "89a2c2eeed96a1987027a14b3dabeb3ab9a6a6c5",
            "user_data_base64": null,
            "volume_tags": {},
            "vpc_security_group_ids": [
              "sg-068dfc2e7cdc735d4",
              "sg-0cf06e088bcf25ac0"
            ]
          },
          "private": "eyJlMmJmYjczMC1lY2FhLTExZTYtOGY4OC0zNDM2M2JjN2M0YzAiOnsiY3JlYXRlIjo2MDAwMDAwMDAwMDAsImRlbGV0ZSI6MTIwMDAwMDAwMDAwMCwidXBkYXRlIjo2MDAwMDAwMDAwMDB9LCJzY2hlbWFfdmVyc2lvbiI6IjEifQ==",
          "dependencies": [
            "module.aws_ec2.aws_key_pair.communication_key",
            "module.aws_ec2.aws_security_group.allow_http",
            "module.aws_ec2.aws_security_group.allow_ssh",
            "module.aws_subnet.aws_subnet.public_green_blue"
          ]
        }
      ]
    },
    {
      "module": "module.aws_ec2",
      "mode": "managed",
      "type": "aws_key_pair",
      "name": "communication_key",
      "provider": "provider[\"registry.terraform.io/hashicorp/aws\"]",
      "instances": [
        {
          "schema_version": 1,
          "attributes": {
            "arn": "arn:aws:ec2:eu-west-2:321510646715:key-pair/communication-key",
            "fingerprint": "c9:db:9b:9e:36:0f:ba:38:2e:07:ec:6a:51:04:de:71",
            "id": "communication-key",
            "key_name": "communication-key",
            "key_name_prefix": null,
            "key_pair_id": "key-06a75de67f86632c0",
            "public_key": "ssh-rsa AAAAB3NzaC1yc2EAAAADAQABAAABAQCeAP7qQic1i8ggCE8t0hg6c5CQcffJ6XrCmogS/NMGACW1QmcisenZAANbvEtT4E+iSVzT/VTFW+F8gKBF5nYRUrDzLJ/hn9khyKpmHiILvLke8ety2iuD+/HclTmZipbyljg6WTP8tgltD9CIVqmqgz12G6dW4Z3ylTxT6Hqm297SrtG9X27FyNGnG2TjvARG+JNsHhhbrEj4KdcM7VhVKNLa+hghhm3vuqU3X7Voab7+ZS237JxywVdRa0W98jf6vmUbm1QNXO8CwX/YnstE8qD/LrzIb9S9Z2X/UF5BeOXB0ODcMSJua2xhcIgumxVX0g2tOIPDrh4wAebDTmcf",
            "tags": {}
          },
          "private": "eyJzY2hlbWFfdmVyc2lvbiI6IjEifQ=="
        }
      ]
    },
    {
      "module": "module.aws_ec2",
      "mode": "managed",
      "type": "aws_lb_target_group",
      "name": "blue",
      "provider": "provider[\"registry.terraform.io/hashicorp/aws\"]",
      "instances": [
        {
          "schema_version": 0,
          "attributes": {
            "arn": "arn:aws:elasticloadbalancing:eu-west-2:321510646715:targetgroup/blue-vilius-one-lb/9e9d4e422475a693",
            "arn_suffix": "targetgroup/blue-vilius-one-lb/9e9d4e422475a693",
            "deregistration_delay": 300,
            "health_check": [
              {
                "enabled": true,
                "healthy_threshold": 3,
                "interval": 10,
                "matcher": "200",
                "path": "/",
                "port": "80",
                "protocol": "HTTP",
                "timeout": 5,
                "unhealthy_threshold": 3
              }
            ],
            "id": "arn:aws:elasticloadbalancing:eu-west-2:321510646715:targetgroup/blue-vilius-one-lb/9e9d4e422475a693",
            "lambda_multi_value_headers_enabled": false,
            "load_balancing_algorithm_type": "round_robin",
            "name": "blue-vilius-one-lb",
            "name_prefix": null,
            "port": 80,
            "protocol": "HTTP",
            "proxy_protocol_v2": false,
            "slow_start": 0,
            "stickiness": [
              {
                "cookie_duration": 86400,
                "enabled": false,
                "type": "lb_cookie"
              }
            ],
            "tags": {},
            "target_type": "instance",
            "vpc_id": "vpc-03871b6fb7b916cdf"
          },
          "private": "bnVsbA==",
          "dependencies": [
            "aws_default_vpc.default"
          ]
        }
      ]
    },
    {
      "module": "module.aws_ec2",
      "mode": "managed",
      "type": "aws_lb_target_group",
      "name": "green",
      "provider": "provider[\"registry.terraform.io/hashicorp/aws\"]",
      "instances": [
        {
          "schema_version": 0,
          "attributes": {
            "arn": "arn:aws:elasticloadbalancing:eu-west-2:321510646715:targetgroup/green-vilius-one-lb/9c012134a4d15c83",
            "arn_suffix": "targetgroup/green-vilius-one-lb/9c012134a4d15c83",
            "deregistration_delay": 300,
            "health_check": [
              {
                "enabled": true,
                "healthy_threshold": 3,
                "interval": 10,
                "matcher": "200",
                "path": "/",
                "port": "80",
                "protocol": "HTTP",
                "timeout": 5,
                "unhealthy_threshold": 3
              }
            ],
            "id": "arn:aws:elasticloadbalancing:eu-west-2:321510646715:targetgroup/green-vilius-one-lb/9c012134a4d15c83",
            "lambda_multi_value_headers_enabled": false,
            "load_balancing_algorithm_type": "round_robin",
            "name": "green-vilius-one-lb",
            "name_prefix": null,
            "port": 80,
            "protocol": "HTTP",
            "proxy_protocol_v2": false,
            "slow_start": 0,
            "stickiness": [
              {
                "cookie_duration": 86400,
                "enabled": false,
                "type": "lb_cookie"
              }
            ],
            "tags": {},
            "target_type": "instance",
            "vpc_id": "vpc-03871b6fb7b916cdf"
          },
          "private": "bnVsbA==",
          "dependencies": [
            "aws_default_vpc.default"
          ]
        }
      ]
    },
    {
      "module": "module.aws_ec2",
      "mode": "managed",
      "type": "aws_lb_target_group_attachment",
      "name": "blue",
      "provider": "provider[\"registry.terraform.io/hashicorp/aws\"]",
      "instances": [
        {
          "index_key": 0,
          "schema_version": 0,
          "attributes": {
            "availability_zone": null,
            "id": "arn:aws:elasticloadbalancing:eu-west-2:321510646715:targetgroup/blue-vilius-one-lb/9e9d4e422475a693-20210120145720260700000004",
            "port": 80,
            "target_group_arn": "arn:aws:elasticloadbalancing:eu-west-2:321510646715:targetgroup/blue-vilius-one-lb/9e9d4e422475a693",
            "target_id": "i-07395621c2260ace2"
          },
          "private": "bnVsbA==",
          "dependencies": [
            "aws_default_vpc.default",
            "module.aws_ec2.aws_instance.blue",
            "module.aws_ec2.aws_key_pair.communication_key",
            "module.aws_ec2.aws_lb_target_group.blue",
            "module.aws_ec2.aws_security_group.allow_http",
            "module.aws_ec2.aws_security_group.allow_ssh",
            "module.aws_subnet.aws_subnet.public_green_blue"
          ]
        },
        {
          "index_key": 1,
          "schema_version": 0,
          "attributes": {
            "availability_zone": null,
            "id": "arn:aws:elasticloadbalancing:eu-west-2:321510646715:targetgroup/blue-vilius-one-lb/9e9d4e422475a693-20210120145720226300000003",
            "port": 80,
            "target_group_arn": "arn:aws:elasticloadbalancing:eu-west-2:321510646715:targetgroup/blue-vilius-one-lb/9e9d4e422475a693",
            "target_id": "i-08f040701245dabca"
          },
          "private": "bnVsbA==",
          "dependencies": [
            "aws_default_vpc.default",
            "module.aws_ec2.aws_instance.blue",
            "module.aws_ec2.aws_key_pair.communication_key",
            "module.aws_ec2.aws_lb_target_group.blue",
            "module.aws_ec2.aws_security_group.allow_http",
            "module.aws_ec2.aws_security_group.allow_ssh",
            "module.aws_subnet.aws_subnet.public_green_blue"
          ]
        }
      ]
    },
    {
      "module": "module.aws_ec2",
      "mode": "managed",
      "type": "aws_lb_target_group_attachment",
      "name": "green",
      "provider": "provider[\"registry.terraform.io/hashicorp/aws\"]",
      "instances": [
        {
          "index_key": 0,
          "schema_version": 0,
          "attributes": {
            "availability_zone": null,
            "id": "arn:aws:elasticloadbalancing:eu-west-2:321510646715:targetgroup/green-vilius-one-lb/9c012134a4d15c83-20210120145649604900000001",
            "port": 80,
            "target_group_arn": "arn:aws:elasticloadbalancing:eu-west-2:321510646715:targetgroup/green-vilius-one-lb/9c012134a4d15c83",
            "target_id": "i-0ff2d94d20ea741e0"
          },
          "private": "bnVsbA==",
          "dependencies": [
            "aws_default_vpc.default",
            "module.aws_ec2.aws_instance.green",
            "module.aws_ec2.aws_key_pair.communication_key",
            "module.aws_ec2.aws_lb_target_group.green",
            "module.aws_ec2.aws_security_group.allow_http",
            "module.aws_ec2.aws_security_group.allow_ssh",
            "module.aws_subnet.aws_subnet.public_green_blue"
          ]
        },
        {
          "index_key": 1,
          "schema_version": 0,
          "attributes": {
            "availability_zone": null,
            "id": "arn:aws:elasticloadbalancing:eu-west-2:321510646715:targetgroup/green-vilius-one-lb/9c012134a4d15c83-20210120145649679200000002",
            "port": 80,
            "target_group_arn": "arn:aws:elasticloadbalancing:eu-west-2:321510646715:targetgroup/green-vilius-one-lb/9c012134a4d15c83",
            "target_id": "i-0868e50cae559cb1a"
          },
          "private": "bnVsbA==",
          "dependencies": [
            "aws_default_vpc.default",
            "module.aws_ec2.aws_instance.green",
            "module.aws_ec2.aws_key_pair.communication_key",
            "module.aws_ec2.aws_lb_target_group.green",
            "module.aws_ec2.aws_security_group.allow_http",
            "module.aws_ec2.aws_security_group.allow_ssh",
            "module.aws_subnet.aws_subnet.public_green_blue"
          ]
        }
      ]
    },
    {
      "module": "module.aws_ec2",
      "mode": "managed",
      "type": "aws_security_group",
      "name": "allow_http",
      "provider": "provider[\"registry.terraform.io/hashicorp/aws\"]",
      "instances": [
        {
          "schema_version": 1,
          "attributes": {
            "arn": "arn:aws:ec2:eu-west-2:321510646715:security-group/sg-0cf06e088bcf25ac0",
            "description": "Allow ssh inbound traffic",
            "egress": [
              {
                "cidr_blocks": [
                  "0.0.0.0/0"
                ],
                "description": "",
                "from_port": 0,
                "ipv6_cidr_blocks": [],
                "prefix_list_ids": [],
                "protocol": "-1",
                "security_groups": [],
                "self": false,
                "to_port": 0
              }
            ],
            "id": "sg-0cf06e088bcf25ac0",
            "ingress": [
              {
                "cidr_blocks": [
                  "85.206.68.114/32",
                  "172.31.0.0/16"
                ],
                "description": "HTTP from VPC",
                "from_port": 80,
                "ipv6_cidr_blocks": [],
                "prefix_list_ids": [],
                "protocol": "tcp",
                "security_groups": [],
                "self": false,
                "to_port": 80
              }
            ],
            "name": "allow_http",
            "name_prefix": "",
            "owner_id": "321510646715",
            "revoke_rules_on_delete": false,
            "tags": {
              "Name": "allow_http"
            },
            "timeouts": null,
            "vpc_id": "vpc-03871b6fb7b916cdf"
          },
          "private": "eyJlMmJmYjczMC1lY2FhLTExZTYtOGY4OC0zNDM2M2JjN2M0YzAiOnsiY3JlYXRlIjo2MDAwMDAwMDAwMDAsImRlbGV0ZSI6NjAwMDAwMDAwMDAwfSwic2NoZW1hX3ZlcnNpb24iOiIxIn0=",
          "dependencies": [
            "aws_default_vpc.default"
          ]
        }
      ]
    },
    {
      "module": "module.aws_ec2",
      "mode": "managed",
      "type": "aws_security_group",
      "name": "allow_ssh",
      "provider": "provider[\"registry.terraform.io/hashicorp/aws\"]",
      "instances": [
        {
          "schema_version": 1,
          "attributes": {
            "arn": "arn:aws:ec2:eu-west-2:321510646715:security-group/sg-068dfc2e7cdc735d4",
            "description": "Allow ssh inbound traffic",
            "egress": [
              {
                "cidr_blocks": [
                  "0.0.0.0/0"
                ],
                "description": "",
                "from_port": 0,
                "ipv6_cidr_blocks": [],
                "prefix_list_ids": [],
                "protocol": "-1",
                "security_groups": [],
                "self": false,
                "to_port": 0
              }
            ],
            "id": "sg-068dfc2e7cdc735d4",
            "ingress": [
              {
                "cidr_blocks": [
                  "85.206.68.114/32",
                  "172.31.0.0/16"
                ],
                "description": "SSH from VPC",
                "from_port": 22,
                "ipv6_cidr_blocks": [],
                "prefix_list_ids": [],
                "protocol": "tcp",
                "security_groups": [],
                "self": false,
                "to_port": 22
              }
            ],
            "name": "allow_ssh",
            "name_prefix": "",
            "owner_id": "321510646715",
            "revoke_rules_on_delete": false,
            "tags": {
              "Name": "allow_ssh"
            },
            "timeouts": null,
            "vpc_id": "vpc-03871b6fb7b916cdf"
          },
          "private": "eyJlMmJmYjczMC1lY2FhLTExZTYtOGY4OC0zNDM2M2JjN2M0YzAiOnsiY3JlYXRlIjo2MDAwMDAwMDAwMDAsImRlbGV0ZSI6NjAwMDAwMDAwMDAwfSwic2NoZW1hX3ZlcnNpb24iOiIxIn0=",
          "dependencies": [
            "aws_default_vpc.default"
          ]
        }
      ]
    },
    {
      "module": "module.aws_ec2",
      "mode": "managed",
      "type": "random_string",
      "name": "gen-name",
      "provider": "provider[\"registry.terraform.io/hashicorp/random\"]",
      "instances": [
        {
          "schema_version": 1,
          "attributes": {
            "id": "qk7eo9wm4tq5",
            "keepers": null,
            "length": 12,
            "lower": true,
            "min_lower": 0,
            "min_numeric": 0,
            "min_special": 0,
            "min_upper": 0,
            "number": true,
            "override_special": null,
            "result": "qk7eo9wm4tq5",
            "special": false,
            "upper": false
          },
          "private": "eyJzY2hlbWFfdmVyc2lvbiI6IjEifQ=="
        }
      ]
    },
    {
      "module": "module.aws_subnet",
      "mode": "data",
      "type": "aws_availability_zones",
      "name": "available",
      "provider": "provider[\"registry.terraform.io/hashicorp/aws\"]",
      "instances": [
        {
          "schema_version": 0,
          "attributes": {
            "all_availability_zones": null,
            "exclude_names": null,
            "exclude_zone_ids": null,
            "filter": null,
            "group_names": [
              "eu-west-2"
            ],
            "id": "2021-01-20 15:10:11.458699704 +0000 UTC",
            "names": [
              "eu-west-2a",
              "eu-west-2b",
              "eu-west-2c"
            ],
            "state": null,
            "zone_ids": [
              "euw2-az2",
              "euw2-az3",
              "euw2-az1"
            ]
          }
        }
      ]
    },
    {
      "module": "module.aws_subnet",
      "mode": "managed",
      "type": "aws_subnet",
      "name": "public_green_blue",
      "provider": "provider[\"registry.terraform.io/hashicorp/aws\"]",
      "instances": [
        {
          "index_key": 0,
          "schema_version": 1,
          "attributes": {
            "arn": "arn:aws:ec2:eu-west-2:321510646715:subnet/subnet-047de37d61d717a68",
            "assign_ipv6_address_on_creation": false,
            "availability_zone": "eu-west-2a",
            "availability_zone_id": "euw2-az2",
            "cidr_block": "172.31.60.0/24",
            "id": "subnet-047de37d61d717a68",
            "ipv6_cidr_block": "",
            "ipv6_cidr_block_association_id": "",
            "map_public_ip_on_launch": false,
            "outpost_arn": "",
            "owner_id": "321510646715",
            "tags": {
              "Name": "vilius-60-subnet"
            },
            "timeouts": null,
            "vpc_id": "vpc-03871b6fb7b916cdf"
          },
          "private": "eyJlMmJmYjczMC1lY2FhLTExZTYtOGY4OC0zNDM2M2JjN2M0YzAiOnsiY3JlYXRlIjo2MDAwMDAwMDAwMDAsImRlbGV0ZSI6MTIwMDAwMDAwMDAwMH0sInNjaGVtYV92ZXJzaW9uIjoiMSJ9",
          "dependencies": [
            "aws_default_vpc.default",
            "module.aws_subnet.data.aws_availability_zones.available"
          ]
        },
        {
          "index_key": 1,
          "schema_version": 1,
          "attributes": {
            "arn": "arn:aws:ec2:eu-west-2:321510646715:subnet/subnet-075c071b4d91858e0",
            "assign_ipv6_address_on_creation": false,
            "availability_zone": "eu-west-2b",
            "availability_zone_id": "euw2-az3",
            "cidr_block": "172.31.61.0/24",
            "id": "subnet-075c071b4d91858e0",
            "ipv6_cidr_block": "",
            "ipv6_cidr_block_association_id": "",
            "map_public_ip_on_launch": false,
            "outpost_arn": "",
            "owner_id": "321510646715",
            "tags": {
              "Name": "vilius-61-subnet"
            },
            "timeouts": null,
            "vpc_id": "vpc-03871b6fb7b916cdf"
          },
          "private": "eyJlMmJmYjczMC1lY2FhLTExZTYtOGY4OC0zNDM2M2JjN2M0YzAiOnsiY3JlYXRlIjo2MDAwMDAwMDAwMDAsImRlbGV0ZSI6MTIwMDAwMDAwMDAwMH0sInNjaGVtYV92ZXJzaW9uIjoiMSJ9",
          "dependencies": [
            "aws_default_vpc.default",
            "module.aws_subnet.data.aws_availability_zones.available"
          ]
        }
      ]
    }
  ]
}
