{
  "version": 4,
  "terraform_version": "0.13.3",
  "serial": 146,
  "lineage": "6c449801-4946-6a8d-441a-9b98b67cd9e0",
  "outputs": {
    "aws_subnet_arn": {
      "value": "arn:aws:ec2:eu-west-2:321510646715:subnet/subnet-0c2ad9b4068e701d8",
      "type": "string"
    },
    "aws_subnet_id": {
      "value": "subnet-0c2ad9b4068e701d8",
      "type": "string"
    },
    "ec2_instance_arn": {
      "value": [
        "arn:aws:ec2:eu-west-2:321510646715:instance/i-0bfcc817ba0d412f3",
        "arn:aws:ec2:eu-west-2:321510646715:instance/i-017317a5d5939a4e8"
      ],
      "type": [
        "tuple",
        [
          "string",
          "string"
        ]
      ]
    },
    "ec2_instance_id": {
      "value": [
        "i-0bfcc817ba0d412f3",
        "i-017317a5d5939a4e8"
      ],
      "type": [
        "tuple",
        [
          "string",
          "string"
        ]
      ]
    },
    "ec2_instance_public_ip": {
      "value": [
        "18.132.199.158",
        "3.8.31.117"
      ],
      "type": [
        "tuple",
        [
          "string",
          "string"
        ]
      ]
    }
  },
  "resources": [
    {
      "mode": "managed",
      "type": "aws_default_vpc",
      "name": "default",
      "provider": "provider[\"registry.terraform.io/hashicorp/aws\"]",
      "instances": [
        {
          "schema_version": 1,
          "attributes": {
            "arn": "arn:aws:ec2:eu-west-2:321510646715:vpc/vpc-0da61ef1f72d8a5de",
            "assign_generated_ipv6_cidr_block": false,
            "cidr_block": "172.31.0.0/16",
            "default_network_acl_id": "acl-079738819c1b1a48d",
            "default_route_table_id": "rtb-03588c933962e6e46",
            "default_security_group_id": "sg-08791a1d5fd19c074",
            "dhcp_options_id": "dopt-07ae8376be68cf52b",
            "enable_classiclink": null,
            "enable_classiclink_dns_support": null,
            "enable_dns_hostnames": true,
            "enable_dns_support": true,
            "id": "vpc-0da61ef1f72d8a5de",
            "instance_tenancy": "default",
            "ipv6_association_id": "",
            "ipv6_cidr_block": "",
            "main_route_table_id": "rtb-03588c933962e6e46",
            "owner_id": "321510646715",
            "tags": {}
          },
          "private": "eyJzY2hlbWFfdmVyc2lvbiI6IjEifQ=="
        }
      ]
    },
    {
      "module": "module.aws_alb",
      "mode": "managed",
      "type": "aws_lb",
      "name": "alb",
      "provider": "provider[\"registry.terraform.io/hashicorp/aws\"]",
      "instances": [
        {
          "schema_version": 0,
          "attributes": {
            "access_logs": [
              {
                "bucket": "",
                "enabled": false,
                "prefix": ""
              }
            ],
            "arn": "arn:aws:elasticloadbalancing:eu-west-2:321510646715:loadbalancer/app/vilius-alb-alb/8fa98280abd10940",
            "arn_suffix": "app/vilius-alb-alb/8fa98280abd10940",
            "customer_owned_ipv4_pool": "",
            "dns_name": "vilius-alb-alb-1963670065.eu-west-2.elb.amazonaws.com",
            "drop_invalid_header_fields": false,
            "enable_cross_zone_load_balancing": null,
            "enable_deletion_protection": true,
            "enable_http2": true,
            "id": "arn:aws:elasticloadbalancing:eu-west-2:321510646715:loadbalancer/app/vilius-alb-alb/8fa98280abd10940",
            "idle_timeout": 60,
            "internal": false,
            "ip_address_type": "ipv4",
            "load_balancer_type": "application",
            "name": "vilius-alb-alb",
            "name_prefix": null,
            "security_groups": [
              "sg-078c677f3910975de",
              "sg-0fb3321967b0d8872"
            ],
            "subnet_mapping": [
              {
                "allocation_id": "",
                "outpost_id": "",
                "private_ipv4_address": "",
                "subnet_id": "subnet-0c2ad9b4068e701d8"
              },
              {
                "allocation_id": "",
                "outpost_id": "",
                "private_ipv4_address": "",
                "subnet_id": "subnet-0f55044d8e42b17bb"
              }
            ],
            "subnets": [
              "subnet-0c2ad9b4068e701d8",
              "subnet-0f55044d8e42b17bb"
            ],
            "tags": {
              "Environment": "vilius-alb"
            },
            "timeouts": null,
            "vpc_id": "vpc-0da61ef1f72d8a5de",
            "zone_id": "ZHURV8PSTC4K8"
          },
          "private": "eyJlMmJmYjczMC1lY2FhLTExZTYtOGY4OC0zNDM2M2JjN2M0YzAiOnsiY3JlYXRlIjo2MDAwMDAwMDAwMDAsImRlbGV0ZSI6NjAwMDAwMDAwMDAwLCJ1cGRhdGUiOjYwMDAwMDAwMDAwMH19",
          "dependencies": [
            "module.aws_ec2.aws_security_group.allow_ssh"
          ]
        }
      ]
    },
    {
      "module": "module.aws_alb",
      "mode": "managed",
      "type": "aws_lb_listener",
      "name": "front_end",
      "provider": "provider[\"registry.terraform.io/hashicorp/aws\"]",
      "instances": [
        {
          "schema_version": 0,
          "attributes": {
            "arn": "arn:aws:elasticloadbalancing:eu-west-2:321510646715:listener/app/vilius-alb-alb/8fa98280abd10940/9e06a3bdb78397aa",
            "certificate_arn": null,
            "default_action": [
              {
                "authenticate_cognito": [],
                "authenticate_oidc": [],
                "fixed_response": [],
                "forward": [],
                "order": 1,
                "redirect": [],
                "target_group_arn": "arn:aws:elasticloadbalancing:eu-west-2:321510646715:targetgroup/vilius-alb/45cdd2a455ab6eb7",
                "type": "forward"
              }
            ],
            "id": "arn:aws:elasticloadbalancing:eu-west-2:321510646715:listener/app/vilius-alb-alb/8fa98280abd10940/9e06a3bdb78397aa",
            "load_balancer_arn": "arn:aws:elasticloadbalancing:eu-west-2:321510646715:loadbalancer/app/vilius-alb-alb/8fa98280abd10940",
            "port": 80,
            "protocol": "HTTP",
            "ssl_policy": "",
            "timeouts": null
          },
          "private": "eyJlMmJmYjczMC1lY2FhLTExZTYtOGY4OC0zNDM2M2JjN2M0YzAiOnsicmVhZCI6NjAwMDAwMDAwMDAwfX0=",
          "dependencies": [
            "module.aws_alb.aws_lb.alb",
            "module.aws_alb.aws_lb_target_group.nginx"
          ]
        }
      ]
    },
    {
      "module": "module.aws_alb",
      "mode": "managed",
      "type": "aws_lb_target_group",
      "name": "nginx",
      "provider": "provider[\"registry.terraform.io/hashicorp/aws\"]",
      "instances": [
        {
          "schema_version": 0,
          "attributes": {
            "arn": "arn:aws:elasticloadbalancing:eu-west-2:321510646715:targetgroup/vilius-alb/45cdd2a455ab6eb7",
            "arn_suffix": "targetgroup/vilius-alb/45cdd2a455ab6eb7",
            "deregistration_delay": 300,
            "health_check": [
              {
                "enabled": true,
                "healthy_threshold": 5,
                "interval": 30,
                "matcher": "200",
                "path": "/",
                "port": "traffic-port",
                "protocol": "HTTP",
                "timeout": 5,
                "unhealthy_threshold": 2
              }
            ],
            "id": "arn:aws:elasticloadbalancing:eu-west-2:321510646715:targetgroup/vilius-alb/45cdd2a455ab6eb7",
            "lambda_multi_value_headers_enabled": false,
            "load_balancing_algorithm_type": "round_robin",
            "name": "vilius-alb",
            "name_prefix": null,
            "port": 80,
            "protocol": "HTTP",
            "proxy_protocol_v2": false,
            "slow_start": 0,
            "stickiness": [
              {
                "cookie_duration": 86400,
                "enabled": false,
                "type": "lb_cookie"
              }
            ],
            "tags": {},
            "target_type": "instance",
            "vpc_id": "vpc-0da61ef1f72d8a5de"
          },
          "private": "bnVsbA==",
          "dependencies": [
            "aws_default_vpc.default"
          ]
        }
      ]
    },
    {
      "module": "module.aws_alb",
      "mode": "managed",
      "type": "aws_lb_target_group_attachment",
      "name": "this",
      "provider": "provider[\"registry.terraform.io/hashicorp/aws\"]",
      "instances": [
        {
          "schema_version": 0,
          "attributes": {
            "availability_zone": null,
            "id": "arn:aws:elasticloadbalancing:eu-west-2:321510646715:targetgroup/vilius-alb/45cdd2a455ab6eb7-20210117200638775400000001",
            "port": 80,
            "target_group_arn": "arn:aws:elasticloadbalancing:eu-west-2:321510646715:targetgroup/vilius-alb/45cdd2a455ab6eb7",
            "target_id": "i-0bfcc817ba0d412f3"
          },
          "private": "bnVsbA==",
          "dependencies": [
            "aws_default_vpc.default",
            "module.aws_alb.aws_lb_target_group.nginx",
            "module.aws_ec2.aws_instance.name",
            "module.aws_ec2.aws_key_pair.communication_key",
            "module.aws_ec2.aws_security_group.allow_http",
            "module.aws_ec2.aws_security_group.allow_ssh",
            "module.aws_ec2.random_string.gen-name"
          ]
        }
      ]
    },
    {
      "module": "module.aws_alb",
      "mode": "managed",
      "type": "aws_vpc",
      "name": "main",
      "provider": "provider[\"registry.terraform.io/hashicorp/aws\"]",
      "instances": [
        {
          "schema_version": 1,
          "attributes": {
            "arn": "arn:aws:ec2:eu-west-2:321510646715:vpc/vpc-04766af16ff02d4f2",
            "assign_generated_ipv6_cidr_block": false,
            "cidr_block": "172.31.0.0/16",
            "default_network_acl_id": "acl-007dfb8e959b4a630",
            "default_route_table_id": "rtb-0fae24b9a60139c9b",
            "default_security_group_id": "sg-0683c62b64abeeddc",
            "dhcp_options_id": "dopt-07ae8376be68cf52b",
            "enable_classiclink": null,
            "enable_classiclink_dns_support": null,
            "enable_dns_hostnames": false,
            "enable_dns_support": true,
            "id": "vpc-04766af16ff02d4f2",
            "instance_tenancy": "default",
            "ipv6_association_id": "",
            "ipv6_cidr_block": "",
            "main_route_table_id": "rtb-0fae24b9a60139c9b",
            "owner_id": "321510646715",
            "tags": {}
          },
          "private": "eyJzY2hlbWFfdmVyc2lvbiI6IjEifQ=="
        }
      ]
    },
    {
      "module": "module.aws_ec2",
      "mode": "managed",
      "type": "aws_instance",
      "name": "name",
      "provider": "provider[\"registry.terraform.io/hashicorp/aws\"]",
      "instances": [
        {
          "index_key": 0,
          "schema_version": 1,
          "attributes": {
            "ami": "ami-0ff4c8fb495a5a50d",
            "arn": "arn:aws:ec2:eu-west-2:321510646715:instance/i-0bfcc817ba0d412f3",
            "associate_public_ip_address": true,
            "availability_zone": "eu-west-2a",
            "cpu_core_count": 1,
            "cpu_threads_per_core": 1,
            "credit_specification": [
              {
                "cpu_credits": "standard"
              }
            ],
            "disable_api_termination": false,
            "ebs_block_device": [],
            "ebs_optimized": false,
            "ephemeral_block_device": [],
            "get_password_data": false,
            "hibernation": false,
            "host_id": null,
            "iam_instance_profile": "",
            "id": "i-0bfcc817ba0d412f3",
            "instance_initiated_shutdown_behavior": null,
            "instance_state": "running",
            "instance_type": "t2.micro",
            "ipv6_address_count": 0,
            "ipv6_addresses": [],
            "key_name": "communication-key",
            "metadata_options": [
              {
                "http_endpoint": "enabled",
                "http_put_response_hop_limit": 1,
                "http_tokens": "optional"
              }
            ],
            "monitoring": false,
            "network_interface": [],
            "outpost_arn": "",
            "password_data": "",
            "placement_group": "",
            "primary_network_interface_id": "eni-0fe6522f2ba830b58",
            "private_dns": "ip-172-31-28-147.eu-west-2.compute.internal",
            "private_ip": "172.31.28.147",
            "public_dns": "ec2-18-132-199-158.eu-west-2.compute.amazonaws.com",
            "public_ip": "18.132.199.158",
            "root_block_device": [
              {
                "delete_on_termination": true,
                "device_name": "/dev/sda1",
                "encrypted": false,
                "iops": 100,
                "kms_key_id": "",
                "volume_id": "vol-0fe22c30b0e54b139",
                "volume_size": 8,
                "volume_type": "gp2"
              }
            ],
            "secondary_private_ips": [],
            "security_groups": [
              "allow_http",
              "allow_ssh"
            ],
            "source_dest_check": true,
            "subnet_id": "subnet-09aba54d50fb3e134",
            "tags": {
              "Name": "vilius-frontend-bpq810sc5wks"
            },
            "tenancy": "default",
            "timeouts": null,
            "user_data": "89a2c2eeed96a1987027a14b3dabeb3ab9a6a6c5",
            "user_data_base64": null,
            "volume_tags": {},
            "vpc_security_group_ids": [
              "sg-078c677f3910975de",
              "sg-0fb3321967b0d8872"
            ]
          },
          "private": "eyJlMmJmYjczMC1lY2FhLTExZTYtOGY4OC0zNDM2M2JjN2M0YzAiOnsiY3JlYXRlIjo2MDAwMDAwMDAwMDAsImRlbGV0ZSI6MTIwMDAwMDAwMDAwMCwidXBkYXRlIjo2MDAwMDAwMDAwMDB9LCJzY2hlbWFfdmVyc2lvbiI6IjEifQ==",
          "dependencies": [
            "aws_default_vpc.default",
            "module.aws_ec2.aws_key_pair.communication_key",
            "module.aws_ec2.aws_security_group.allow_http",
            "module.aws_ec2.aws_security_group.allow_ssh",
            "module.aws_ec2.random_string.gen-name"
          ]
        },
        {
          "index_key": 1,
          "schema_version": 1,
          "attributes": {
            "ami": "ami-0ff4c8fb495a5a50d",
            "arn": "arn:aws:ec2:eu-west-2:321510646715:instance/i-017317a5d5939a4e8",
            "associate_public_ip_address": true,
            "availability_zone": "eu-west-2b",
            "cpu_core_count": 1,
            "cpu_threads_per_core": 1,
            "credit_specification": [
              {
                "cpu_credits": "standard"
              }
            ],
            "disable_api_termination": false,
            "ebs_block_device": [],
            "ebs_optimized": false,
            "ephemeral_block_device": [],
            "get_password_data": false,
            "hibernation": false,
            "host_id": null,
            "iam_instance_profile": "",
            "id": "i-017317a5d5939a4e8",
            "instance_initiated_shutdown_behavior": null,
            "instance_state": "running",
            "instance_type": "t2.micro",
            "ipv6_address_count": 0,
            "ipv6_addresses": [],
            "key_name": "communication-key",
            "metadata_options": [
              {
                "http_endpoint": "enabled",
                "http_put_response_hop_limit": 1,
                "http_tokens": "optional"
              }
            ],
            "monitoring": false,
            "network_interface": [],
            "outpost_arn": "",
            "password_data": "",
            "placement_group": "",
            "primary_network_interface_id": "eni-05a9afad5ea75b91d",
            "private_dns": "ip-172-31-47-172.eu-west-2.compute.internal",
            "private_ip": "172.31.47.172",
            "public_dns": "ec2-3-8-31-117.eu-west-2.compute.amazonaws.com",
            "public_ip": "3.8.31.117",
            "root_block_device": [
              {
                "delete_on_termination": true,
                "device_name": "/dev/sda1",
                "encrypted": false,
                "iops": 100,
                "kms_key_id": "",
                "volume_id": "vol-0c6f3cf961095c68a",
                "volume_size": 8,
                "volume_type": "gp2"
              }
            ],
            "secondary_private_ips": [],
            "security_groups": [
              "allow_http",
              "allow_ssh"
            ],
            "source_dest_check": true,
            "subnet_id": "subnet-06841f57dd7b4cfa5",
            "tags": {
              "Name": "vilius-frontend-bpq810sc5wks"
            },
            "tenancy": "default",
            "timeouts": null,
            "user_data": "89a2c2eeed96a1987027a14b3dabeb3ab9a6a6c5",
            "user_data_base64": null,
            "volume_tags": {},
            "vpc_security_group_ids": [
              "sg-078c677f3910975de",
              "sg-0fb3321967b0d8872"
            ]
          },
          "private": "eyJlMmJmYjczMC1lY2FhLTExZTYtOGY4OC0zNDM2M2JjN2M0YzAiOnsiY3JlYXRlIjo2MDAwMDAwMDAwMDAsImRlbGV0ZSI6MTIwMDAwMDAwMDAwMCwidXBkYXRlIjo2MDAwMDAwMDAwMDB9LCJzY2hlbWFfdmVyc2lvbiI6IjEifQ==",
          "dependencies": [
            "aws_default_vpc.default",
            "module.aws_ec2.aws_key_pair.communication_key",
            "module.aws_ec2.aws_security_group.allow_http",
            "module.aws_ec2.aws_security_group.allow_ssh",
            "module.aws_ec2.random_string.gen-name"
          ]
        }
      ]
    },
    {
      "module": "module.aws_ec2",
      "mode": "managed",
      "type": "aws_key_pair",
      "name": "communication_key",
      "provider": "provider[\"registry.terraform.io/hashicorp/aws\"]",
      "instances": [
        {
          "schema_version": 1,
          "attributes": {
            "arn": "arn:aws:ec2:eu-west-2:321510646715:key-pair/communication-key",
            "fingerprint": "c9:db:9b:9e:36:0f:ba:38:2e:07:ec:6a:51:04:de:71",
            "id": "communication-key",
            "key_name": "communication-key",
            "key_name_prefix": null,
            "key_pair_id": "key-00e8e175d1110d858",
            "public_key": "ssh-rsa AAAAB3NzaC1yc2EAAAADAQABAAABAQCeAP7qQic1i8ggCE8t0hg6c5CQcffJ6XrCmogS/NMGACW1QmcisenZAANbvEtT4E+iSVzT/VTFW+F8gKBF5nYRUrDzLJ/hn9khyKpmHiILvLke8ety2iuD+/HclTmZipbyljg6WTP8tgltD9CIVqmqgz12G6dW4Z3ylTxT6Hqm297SrtG9X27FyNGnG2TjvARG+JNsHhhbrEj4KdcM7VhVKNLa+hghhm3vuqU3X7Voab7+ZS237JxywVdRa0W98jf6vmUbm1QNXO8CwX/YnstE8qD/LrzIb9S9Z2X/UF5BeOXB0ODcMSJua2xhcIgumxVX0g2tOIPDrh4wAebDTmcf",
            "tags": {}
          },
          "private": "eyJzY2hlbWFfdmVyc2lvbiI6IjEifQ=="
        }
      ]
    },
    {
      "module": "module.aws_ec2",
      "mode": "managed",
      "type": "aws_network_interface",
      "name": "aws_instance",
      "provider": "provider[\"registry.terraform.io/hashicorp/aws\"]",
      "instances": [
        {
          "schema_version": 0,
          "attributes": {
            "attachment": [],
            "description": "",
            "id": "eni-0cdd4d2d4d0758531",
            "mac_address": "06:b2:d3:df:e5:0a",
            "outpost_arn": "",
            "private_dns_name": "ip-172-31-52-84.eu-west-2.compute.internal",
            "private_ip": "172.31.52.84",
            "private_ips": [
              "172.31.52.84"
            ],
            "private_ips_count": 0,
            "security_groups": [
              "sg-08791a1d5fd19c074"
            ],
            "source_dest_check": true,
            "subnet_id": "subnet-0c2ad9b4068e701d8",
            "tags": {
              "Name": "AWS_network_interface"
            }
          },
          "private": "bnVsbA==",
          "dependencies": [
            "aws_default_vpc.default",
            "module.aws_subnet.aws_subnet.main"
          ]
        }
      ]
    },
    {
      "module": "module.aws_ec2",
      "mode": "managed",
      "type": "aws_security_group",
      "name": "allow_http",
      "provider": "provider[\"registry.terraform.io/hashicorp/aws\"]",
      "instances": [
        {
          "schema_version": 1,
          "attributes": {
            "arn": "arn:aws:ec2:eu-west-2:321510646715:security-group/sg-0fb3321967b0d8872",
            "description": "Allow ssh inbound traffic",
            "egress": [
              {
                "cidr_blocks": [
                  "0.0.0.0/0"
                ],
                "description": "",
                "from_port": 0,
                "ipv6_cidr_blocks": [],
                "prefix_list_ids": [],
                "protocol": "-1",
                "security_groups": [],
                "self": false,
                "to_port": 0
              }
            ],
            "id": "sg-0fb3321967b0d8872",
            "ingress": [
              {
                "cidr_blocks": [
                  "85.206.68.114/32",
                  "172.31.0.0/16"
                ],
                "description": "HTTP from VPC",
                "from_port": 80,
                "ipv6_cidr_blocks": [],
                "prefix_list_ids": [],
                "protocol": "tcp",
                "security_groups": [],
                "self": false,
                "to_port": 80
              }
            ],
            "name": "allow_http",
            "name_prefix": "",
            "owner_id": "321510646715",
            "revoke_rules_on_delete": false,
            "tags": {
              "Name": "allow_http"
            },
            "timeouts": null,
            "vpc_id": "vpc-0da61ef1f72d8a5de"
          },
          "private": "eyJlMmJmYjczMC1lY2FhLTExZTYtOGY4OC0zNDM2M2JjN2M0YzAiOnsiY3JlYXRlIjo2MDAwMDAwMDAwMDAsImRlbGV0ZSI6NjAwMDAwMDAwMDAwfSwic2NoZW1hX3ZlcnNpb24iOiIxIn0=",
          "dependencies": [
            "aws_default_vpc.default"
          ]
        }
      ]
    },
    {
      "module": "module.aws_ec2",
      "mode": "managed",
      "type": "aws_security_group",
      "name": "allow_ssh",
      "provider": "provider[\"registry.terraform.io/hashicorp/aws\"]",
      "instances": [
        {
          "schema_version": 1,
          "attributes": {
            "arn": "arn:aws:ec2:eu-west-2:321510646715:security-group/sg-078c677f3910975de",
            "description": "Allow ssh inbound traffic",
            "egress": [
              {
                "cidr_blocks": [
                  "0.0.0.0/0"
                ],
                "description": "",
                "from_port": 0,
                "ipv6_cidr_blocks": [],
                "prefix_list_ids": [],
                "protocol": "-1",
                "security_groups": [],
                "self": false,
                "to_port": 0
              }
            ],
            "id": "sg-078c677f3910975de",
            "ingress": [
              {
                "cidr_blocks": [
                  "85.206.68.114/32",
                  "172.31.0.0/16"
                ],
                "description": "SSH from VPC",
                "from_port": 22,
                "ipv6_cidr_blocks": [],
                "prefix_list_ids": [],
                "protocol": "tcp",
                "security_groups": [],
                "self": false,
                "to_port": 22
              }
            ],
            "name": "allow_ssh",
            "name_prefix": "",
            "owner_id": "321510646715",
            "revoke_rules_on_delete": false,
            "tags": {
              "Name": "allow_ssh"
            },
            "timeouts": null,
            "vpc_id": "vpc-0da61ef1f72d8a5de"
          },
          "private": "eyJlMmJmYjczMC1lY2FhLTExZTYtOGY4OC0zNDM2M2JjN2M0YzAiOnsiY3JlYXRlIjo2MDAwMDAwMDAwMDAsImRlbGV0ZSI6NjAwMDAwMDAwMDAwfSwic2NoZW1hX3ZlcnNpb24iOiIxIn0=",
          "dependencies": [
            "aws_default_vpc.default"
          ]
        }
      ]
    },
    {
      "module": "module.aws_ec2",
      "mode": "managed",
      "type": "random_string",
      "name": "gen-name",
      "provider": "provider[\"registry.terraform.io/hashicorp/random\"]",
      "instances": [
        {
          "schema_version": 1,
          "attributes": {
            "id": "bpq810sc5wks",
            "keepers": null,
            "length": 12,
            "lower": true,
            "min_lower": 0,
            "min_numeric": 0,
            "min_special": 0,
            "min_upper": 0,
            "number": true,
            "override_special": null,
            "result": "bpq810sc5wks",
            "special": false,
            "upper": false
          },
          "private": "eyJzY2hlbWFfdmVyc2lvbiI6IjEifQ=="
        }
      ]
    },
    {
      "module": "module.aws_subnet",
      "mode": "managed",
      "type": "aws_subnet",
      "name": "main",
      "provider": "provider[\"registry.terraform.io/hashicorp/aws\"]",
      "instances": [
        {
          "schema_version": 1,
          "attributes": {
            "arn": "arn:aws:ec2:eu-west-2:321510646715:subnet/subnet-0c2ad9b4068e701d8",
            "assign_ipv6_address_on_creation": false,
            "availability_zone": "eu-west-2a",
            "availability_zone_id": "euw2-az2",
            "cidr_block": "172.31.48.0/20",
            "id": "subnet-0c2ad9b4068e701d8",
            "ipv6_cidr_block": "",
            "ipv6_cidr_block_association_id": "",
            "map_public_ip_on_launch": false,
            "outpost_arn": "",
            "owner_id": "321510646715",
            "tags": {
              "Name": "vilius-subnet"
            },
            "timeouts": null,
            "vpc_id": "vpc-0da61ef1f72d8a5de"
          },
          "private": "eyJlMmJmYjczMC1lY2FhLTExZTYtOGY4OC0zNDM2M2JjN2M0YzAiOnsiY3JlYXRlIjo2MDAwMDAwMDAwMDAsImRlbGV0ZSI6MTIwMDAwMDAwMDAwMH0sInNjaGVtYV92ZXJzaW9uIjoiMSJ9",
          "dependencies": [
            "aws_default_vpc.default"
          ]
        }
      ]
    }
  ]
}
